// !$*UTF8*$!
{
	archiveVersion = 1;
	classes = {
	};
	objectVersion = 46;
	objects = {

/* Begin PBXBuildFile section */
		144D9C811DC324E700E85E3E /* ViewController.m in Sources */ = {isa = PBXBuildFile; fileRef = 144D9C801DC324E700E85E3E /* ViewController.m */; };
		144D9C8D1DC3258B00E85E3E /* DataCenter.m in Sources */ = {isa = PBXBuildFile; fileRef = 144D9C841DC3258B00E85E3E /* DataCenter.m */; };
		144D9C8E1DC3258B00E85E3E /* DataConfig.m in Sources */ = {isa = PBXBuildFile; fileRef = 144D9C861DC3258B00E85E3E /* DataConfig.m */; };
		144D9C8F1DC3258B00E85E3E /* HostEntity.m in Sources */ = {isa = PBXBuildFile; fileRef = 144D9C881DC3258B00E85E3E /* HostEntity.m */; };
		144D9C901DC3258B00E85E3E /* LoginEntity.m in Sources */ = {isa = PBXBuildFile; fileRef = 144D9C8A1DC3258B00E85E3E /* LoginEntity.m */; };
		144D9C911DC3258B00E85E3E /* UserInfoModel.m in Sources */ = {isa = PBXBuildFile; fileRef = 144D9C8C1DC3258B00E85E3E /* UserInfoModel.m */; };
		144D9C9B1DC325E000E85E3E /* NSDictionary+Extension.m in Sources */ = {isa = PBXBuildFile; fileRef = 144D9C931DC325E000E85E3E /* NSDictionary+Extension.m */; };
		144D9C9C1DC325E000E85E3E /* NSString+Extension.m in Sources */ = {isa = PBXBuildFile; fileRef = 144D9C951DC325E000E85E3E /* NSString+Extension.m */; };
		144D9C9D1DC325E000E85E3E /* UIImage+Extension.m in Sources */ = {isa = PBXBuildFile; fileRef = 144D9C971DC325E000E85E3E /* UIImage+Extension.m */; };
		144D9C9E1DC325E000E85E3E /* UIViewController+VTransAnimation.m in Sources */ = {isa = PBXBuildFile; fileRef = 144D9C9A1DC325E000E85E3E /* UIViewController+VTransAnimation.m */; };
		144D9CA61DC3277700E85E3E /* VFileHelper.m in Sources */ = {isa = PBXBuildFile; fileRef = 144D9CA11DC3277700E85E3E /* VFileHelper.m */; };
		144D9CA71DC3277700E85E3E /* VLocationHelper.m in Sources */ = {isa = PBXBuildFile; fileRef = 144D9CA41DC3277700E85E3E /* VLocationHelper.m */; };
		144D9CAA1DC327AE00E85E3E /* VersionHelper.m in Sources */ = {isa = PBXBuildFile; fileRef = 144D9CA91DC327AE00E85E3E /* VersionHelper.m */; };
		144D9CAD1DC327C000E85E3E /* VHttpHelper.m in Sources */ = {isa = PBXBuildFile; fileRef = 144D9CAC1DC327C000E85E3E /* VHttpHelper.m */; };
		2785B7DA7FFEC24C0630E456 /* libPods.a in Frameworks */ = {isa = PBXBuildFile; fileRef = 7A9792B1699CF881E85C1B62 /* libPods.a */; };
		F17A8D031DBEF81500C18971 /* main.m in Sources */ = {isa = PBXBuildFile; fileRef = F17A8D021DBEF81500C18971 /* main.m */; };
		F17A8D0C1DBEF81500C18971 /* Main.storyboard in Resources */ = {isa = PBXBuildFile; fileRef = F17A8D0A1DBEF81500C18971 /* Main.storyboard */; };
		F17A8D0E1DBEF81500C18971 /* Assets.xcassets in Resources */ = {isa = PBXBuildFile; fileRef = F17A8D0D1DBEF81500C18971 /* Assets.xcassets */; };
		F17A8D111DBEF81500C18971 /* LaunchScreen.storyboard in Resources */ = {isa = PBXBuildFile; fileRef = F17A8D0F1DBEF81500C18971 /* LaunchScreen.storyboard */; };
		F17A8D441DBEF88C00C18971 /* AppDelegate.m in Sources */ = {isa = PBXBuildFile; fileRef = F17A8D1A1DBEF88C00C18971 /* AppDelegate.m */; };
		F1BF47661DC0FDD4004FC3A2 /* VCacheManager.m in Sources */ = {isa = PBXBuildFile; fileRef = F1BF475D1DC0FDD4004FC3A2 /* VCacheManager.m */; };
		F1BF47671DC0FDD4004FC3A2 /* CartDao.m in Sources */ = {isa = PBXBuildFile; fileRef = F1BF47601DC0FDD4004FC3A2 /* CartDao.m */; };
		F1BF47681DC0FDD4004FC3A2 /* DBHelper.m in Sources */ = {isa = PBXBuildFile; fileRef = F1BF47621DC0FDD4004FC3A2 /* DBHelper.m */; };
		F1BF47691DC0FDD4004FC3A2 /* MyFavouritesDao.m in Sources */ = {isa = PBXBuildFile; fileRef = F1BF47641DC0FDD4004FC3A2 /* MyFavouritesDao.m */; };
		F1BF4C291DC1D5AC004FC3A2 /* GTMBase64.m in Sources */ = {isa = PBXBuildFile; fileRef = F1BF4BF51DC1D5AC004FC3A2 /* GTMBase64.m */; };
		F1BF4C2A1DC1D5AC004FC3A2 /* NSData+Common.m in Sources */ = {isa = PBXBuildFile; fileRef = F1BF4BF81DC1D5AC004FC3A2 /* NSData+Common.m */; };
		F1BF4C2E1DC1D5AC004FC3A2 /* UIColor+Extends.m in Sources */ = {isa = PBXBuildFile; fileRef = F1BF4C001DC1D5AC004FC3A2 /* UIColor+Extends.m */; };
		F1BF4C301DC1D5AC004FC3A2 /* UILabel+Common.m in Sources */ = {isa = PBXBuildFile; fileRef = F1BF4C041DC1D5AC004FC3A2 /* UILabel+Common.m */; };
		F1BF4C311DC1D5AC004FC3A2 /* UIViewController+VTransAnimation.m in Sources */ = {isa = PBXBuildFile; fileRef = F1BF4C071DC1D5AC004FC3A2 /* UIViewController+VTransAnimation.m */; };
		F1BF4C321DC1D5AC004FC3A2 /* HSDeviceID.m in Sources */ = {isa = PBXBuildFile; fileRef = F1BF4C0A1DC1D5AC004FC3A2 /* HSDeviceID.m */; };
		F1BF4C331DC1D5AC004FC3A2 /* HSKeyChain.m in Sources */ = {isa = PBXBuildFile; fileRef = F1BF4C0C1DC1D5AC004FC3A2 /* HSKeyChain.m */; };
		F1BF4C341DC1D5AC004FC3A2 /* IOSDeviceConfig.m in Sources */ = {isa = PBXBuildFile; fileRef = F1BF4C0E1DC1D5AC004FC3A2 /* IOSDeviceConfig.m */; };
		F1BF4C371DC1D5AC004FC3A2 /* VBase1ViewController.m in Sources */ = {isa = PBXBuildFile; fileRef = F1BF4C191DC1D5AC004FC3A2 /* VBase1ViewController.m */; };
		F1BF4C381DC1D5AC004FC3A2 /* VShowWeb1Controller.m in Sources */ = {isa = PBXBuildFile; fileRef = F1BF4C1B1DC1D5AC004FC3A2 /* VShowWeb1Controller.m */; };
		F1BF4C391DC1D5AC004FC3A2 /* MBProgressHUD.m in Sources */ = {isa = PBXBuildFile; fileRef = F1BF4C1E1DC1D5AC004FC3A2 /* MBProgressHUD.m */; };
		F1BF4C3A1DC1D5AC004FC3A2 /* VHUDHelper.m in Sources */ = {isa = PBXBuildFile; fileRef = F1BF4C201DC1D5AC004FC3A2 /* VHUDHelper.m */; };
		F1BF4C3B1DC1D5AC004FC3A2 /* VImageView.m in Sources */ = {isa = PBXBuildFile; fileRef = F1BF4C231DC1D5AC004FC3A2 /* VImageView.m */; };
		F1BF4C3C1DC1D5AC004FC3A2 /* FontHelper.m in Sources */ = {isa = PBXBuildFile; fileRef = F1BF4C261DC1D5AC004FC3A2 /* FontHelper.m */; };
		F1BF4C3D1DC1D5AC004FC3A2 /* VDateTools.m in Sources */ = {isa = PBXBuildFile; fileRef = F1BF4C281DC1D5AC004FC3A2 /* VDateTools.m */; };
/* End PBXBuildFile section */

/* Begin PBXFileReference section */
		144D9C7F1DC324E700E85E3E /* ViewController.h */ = {isa = PBXFileReference; fileEncoding = 4; lastKnownFileType = sourcecode.c.h; path = ViewController.h; sourceTree = "<group>"; };
		144D9C801DC324E700E85E3E /* ViewController.m */ = {isa = PBXFileReference; fileEncoding = 4; lastKnownFileType = sourcecode.c.objc; path = ViewController.m; sourceTree = "<group>"; };
		144D9C831DC3258B00E85E3E /* DataCenter.h */ = {isa = PBXFileReference; fileEncoding = 4; lastKnownFileType = sourcecode.c.h; path = DataCenter.h; sourceTree = "<group>"; };
		144D9C841DC3258B00E85E3E /* DataCenter.m */ = {isa = PBXFileReference; fileEncoding = 4; lastKnownFileType = sourcecode.c.objc; path = DataCenter.m; sourceTree = "<group>"; };
		144D9C851DC3258B00E85E3E /* DataConfig.h */ = {isa = PBXFileReference; fileEncoding = 4; lastKnownFileType = sourcecode.c.h; path = DataConfig.h; sourceTree = "<group>"; };
		144D9C861DC3258B00E85E3E /* DataConfig.m */ = {isa = PBXFileReference; fileEncoding = 4; lastKnownFileType = sourcecode.c.objc; path = DataConfig.m; sourceTree = "<group>"; };
		144D9C871DC3258B00E85E3E /* HostEntity.h */ = {isa = PBXFileReference; fileEncoding = 4; lastKnownFileType = sourcecode.c.h; path = HostEntity.h; sourceTree = "<group>"; };
		144D9C881DC3258B00E85E3E /* HostEntity.m */ = {isa = PBXFileReference; fileEncoding = 4; lastKnownFileType = sourcecode.c.objc; path = HostEntity.m; sourceTree = "<group>"; };
		144D9C891DC3258B00E85E3E /* LoginEntity.h */ = {isa = PBXFileReference; fileEncoding = 4; lastKnownFileType = sourcecode.c.h; path = LoginEntity.h; sourceTree = "<group>"; };
		144D9C8A1DC3258B00E85E3E /* LoginEntity.m */ = {isa = PBXFileReference; fileEncoding = 4; lastKnownFileType = sourcecode.c.objc; path = LoginEntity.m; sourceTree = "<group>"; };
		144D9C8B1DC3258B00E85E3E /* UserInfoModel.h */ = {isa = PBXFileReference; fileEncoding = 4; lastKnownFileType = sourcecode.c.h; path = UserInfoModel.h; sourceTree = "<group>"; };
		144D9C8C1DC3258B00E85E3E /* UserInfoModel.m */ = {isa = PBXFileReference; fileEncoding = 4; lastKnownFileType = sourcecode.c.objc; path = UserInfoModel.m; sourceTree = "<group>"; };
		144D9C921DC325E000E85E3E /* NSDictionary+Extension.h */ = {isa = PBXFileReference; fileEncoding = 4; lastKnownFileType = sourcecode.c.h; path = "NSDictionary+Extension.h"; sourceTree = "<group>"; };
		144D9C931DC325E000E85E3E /* NSDictionary+Extension.m */ = {isa = PBXFileReference; fileEncoding = 4; lastKnownFileType = sourcecode.c.objc; path = "NSDictionary+Extension.m"; sourceTree = "<group>"; };
		144D9C941DC325E000E85E3E /* NSString+Extension.h */ = {isa = PBXFileReference; fileEncoding = 4; lastKnownFileType = sourcecode.c.h; path = "NSString+Extension.h"; sourceTree = "<group>"; };
		144D9C951DC325E000E85E3E /* NSString+Extension.m */ = {isa = PBXFileReference; fileEncoding = 4; lastKnownFileType = sourcecode.c.objc; path = "NSString+Extension.m"; sourceTree = "<group>"; };
		144D9C961DC325E000E85E3E /* UIImage+Extension.h */ = {isa = PBXFileReference; fileEncoding = 4; lastKnownFileType = sourcecode.c.h; path = "UIImage+Extension.h"; sourceTree = "<group>"; };
		144D9C971DC325E000E85E3E /* UIImage+Extension.m */ = {isa = PBXFileReference; fileEncoding = 4; lastKnownFileType = sourcecode.c.objc; path = "UIImage+Extension.m"; sourceTree = "<group>"; };
		144D9C991DC325E000E85E3E /* UIViewController+VTransAnimation.h */ = {isa = PBXFileReference; fileEncoding = 4; lastKnownFileType = sourcecode.c.h; path = "UIViewController+VTransAnimation.h"; sourceTree = "<group>"; };
		144D9C9A1DC325E000E85E3E /* UIViewController+VTransAnimation.m */ = {isa = PBXFileReference; fileEncoding = 4; lastKnownFileType = sourcecode.c.objc; path = "UIViewController+VTransAnimation.m"; sourceTree = "<group>"; };
		144D9CA01DC3277700E85E3E /* VFileHelper.h */ = {isa = PBXFileReference; fileEncoding = 4; lastKnownFileType = sourcecode.c.h; path = VFileHelper.h; sourceTree = "<group>"; };
		144D9CA11DC3277700E85E3E /* VFileHelper.m */ = {isa = PBXFileReference; fileEncoding = 4; lastKnownFileType = sourcecode.c.objc; path = VFileHelper.m; sourceTree = "<group>"; };
		144D9CA31DC3277700E85E3E /* VLocationHelper.h */ = {isa = PBXFileReference; fileEncoding = 4; lastKnownFileType = sourcecode.c.h; path = VLocationHelper.h; sourceTree = "<group>"; };
		144D9CA41DC3277700E85E3E /* VLocationHelper.m */ = {isa = PBXFileReference; fileEncoding = 4; lastKnownFileType = sourcecode.c.objc; path = VLocationHelper.m; sourceTree = "<group>"; };
		144D9CA81DC327AE00E85E3E /* VersionHelper.h */ = {isa = PBXFileReference; fileEncoding = 4; lastKnownFileType = sourcecode.c.h; path = VersionHelper.h; sourceTree = "<group>"; };
		144D9CA91DC327AE00E85E3E /* VersionHelper.m */ = {isa = PBXFileReference; fileEncoding = 4; lastKnownFileType = sourcecode.c.objc; path = VersionHelper.m; sourceTree = "<group>"; };
		144D9CAB1DC327C000E85E3E /* VHttpHelper.h */ = {isa = PBXFileReference; fileEncoding = 4; lastKnownFileType = sourcecode.c.h; name = VHttpHelper.h; path = ProjectTools/DataLogic/VersionHelper/VHttpHelper.h; sourceTree = SOURCE_ROOT; };
		144D9CAC1DC327C000E85E3E /* VHttpHelper.m */ = {isa = PBXFileReference; fileEncoding = 4; lastKnownFileType = sourcecode.c.objc; name = VHttpHelper.m; path = ProjectTools/DataLogic/VersionHelper/VHttpHelper.m; sourceTree = SOURCE_ROOT; };
		2FE929BC07195A3DC85AE8E6 /* Pods.release.xcconfig */ = {isa = PBXFileReference; includeInIndex = 1; lastKnownFileType = text.xcconfig; name = Pods.release.xcconfig; path = "Pods/Target Support Files/Pods/Pods.release.xcconfig"; sourceTree = "<group>"; };
		5F1C3A7A8377FA6661413167 /* Pods.debug.xcconfig */ = {isa = PBXFileReference; includeInIndex = 1; lastKnownFileType = text.xcconfig; name = Pods.debug.xcconfig; path = "Pods/Target Support Files/Pods/Pods.debug.xcconfig"; sourceTree = "<group>"; };
		7A9792B1699CF881E85C1B62 /* libPods.a */ = {isa = PBXFileReference; explicitFileType = archive.ar; includeInIndex = 0; path = libPods.a; sourceTree = BUILT_PRODUCTS_DIR; };
		F17A8CFE1DBEF81500C18971 /* ProjectTools.app */ = {isa = PBXFileReference; explicitFileType = wrapper.application; includeInIndex = 0; path = ProjectTools.app; sourceTree = BUILT_PRODUCTS_DIR; };
		F17A8D021DBEF81500C18971 /* main.m */ = {isa = PBXFileReference; lastKnownFileType = sourcecode.c.objc; path = main.m; sourceTree = "<group>"; };
		F17A8D0B1DBEF81500C18971 /* Base */ = {isa = PBXFileReference; lastKnownFileType = file.storyboard; name = Base; path = Base.lproj/Main.storyboard; sourceTree = "<group>"; };
		F17A8D0D1DBEF81500C18971 /* Assets.xcassets */ = {isa = PBXFileReference; lastKnownFileType = folder.assetcatalog; path = Assets.xcassets; sourceTree = "<group>"; };
		F17A8D101DBEF81500C18971 /* Base */ = {isa = PBXFileReference; lastKnownFileType = file.storyboard; name = Base; path = Base.lproj/LaunchScreen.storyboard; sourceTree = "<group>"; };
		F17A8D121DBEF81500C18971 /* Info.plist */ = {isa = PBXFileReference; lastKnownFileType = text.plist.xml; path = Info.plist; sourceTree = "<group>"; };
		F17A8D191DBEF88C00C18971 /* AppDelegate.h */ = {isa = PBXFileReference; fileEncoding = 4; lastKnownFileType = sourcecode.c.h; path = AppDelegate.h; sourceTree = "<group>"; };
		F17A8D1A1DBEF88C00C18971 /* AppDelegate.m */ = {isa = PBXFileReference; fileEncoding = 4; lastKnownFileType = sourcecode.c.objc; path = AppDelegate.m; sourceTree = "<group>"; };
		F17A8D1B1DBEF88C00C18971 /* Constant.h */ = {isa = PBXFileReference; fileEncoding = 4; lastKnownFileType = sourcecode.c.h; path = Constant.h; sourceTree = "<group>"; };
		F17A8D431DBEF88C00C18971 /* PrefixHeader.pch */ = {isa = PBXFileReference; fileEncoding = 4; lastKnownFileType = sourcecode.c.h; path = PrefixHeader.pch; sourceTree = "<group>"; };
		F1BF475C1DC0FDD4004FC3A2 /* VCacheManager.h */ = {isa = PBXFileReference; fileEncoding = 4; lastKnownFileType = sourcecode.c.h; path = VCacheManager.h; sourceTree = "<group>"; };
		F1BF475D1DC0FDD4004FC3A2 /* VCacheManager.m */ = {isa = PBXFileReference; fileEncoding = 4; lastKnownFileType = sourcecode.c.objc; path = VCacheManager.m; sourceTree = "<group>"; };
		F1BF475F1DC0FDD4004FC3A2 /* CartDao.h */ = {isa = PBXFileReference; fileEncoding = 4; lastKnownFileType = sourcecode.c.h; path = CartDao.h; sourceTree = "<group>"; };
		F1BF47601DC0FDD4004FC3A2 /* CartDao.m */ = {isa = PBXFileReference; fileEncoding = 4; lastKnownFileType = sourcecode.c.objc; path = CartDao.m; sourceTree = "<group>"; };
		F1BF47611DC0FDD4004FC3A2 /* DBHelper.h */ = {isa = PBXFileReference; fileEncoding = 4; lastKnownFileType = sourcecode.c.h; path = DBHelper.h; sourceTree = "<group>"; };
		F1BF47621DC0FDD4004FC3A2 /* DBHelper.m */ = {isa = PBXFileReference; fileEncoding = 4; lastKnownFileType = sourcecode.c.objc; path = DBHelper.m; sourceTree = "<group>"; };
		F1BF47631DC0FDD4004FC3A2 /* MyFavouritesDao.h */ = {isa = PBXFileReference; fileEncoding = 4; lastKnownFileType = sourcecode.c.h; path = MyFavouritesDao.h; sourceTree = "<group>"; };
		F1BF47641DC0FDD4004FC3A2 /* MyFavouritesDao.m */ = {isa = PBXFileReference; fileEncoding = 4; lastKnownFileType = sourcecode.c.objc; path = MyFavouritesDao.m; sourceTree = "<group>"; };
		F1BF47861DC10C3B004FC3A2 /* ARCCompile.h */ = {isa = PBXFileReference; fileEncoding = 4; lastKnownFileType = sourcecode.c.h; path = ARCCompile.h; sourceTree = "<group>"; };
		F1BF47871DC10C3B004FC3A2 /* DebugMarco.h */ = {isa = PBXFileReference; fileEncoding = 4; lastKnownFileType = sourcecode.c.h; path = DebugMarco.h; sourceTree = "<group>"; };
		F1BF4BF41DC1D5AC004FC3A2 /* GTMBase64.h */ = {isa = PBXFileReference; fileEncoding = 4; lastKnownFileType = sourcecode.c.h; path = GTMBase64.h; sourceTree = "<group>"; };
		F1BF4BF51DC1D5AC004FC3A2 /* GTMBase64.m */ = {isa = PBXFileReference; fileEncoding = 4; lastKnownFileType = sourcecode.c.objc; path = GTMBase64.m; sourceTree = "<group>"; };
		F1BF4BF61DC1D5AC004FC3A2 /* GTMDefines.h */ = {isa = PBXFileReference; fileEncoding = 4; lastKnownFileType = sourcecode.c.h; path = GTMDefines.h; sourceTree = "<group>"; };
		F1BF4BF71DC1D5AC004FC3A2 /* NSData+Common.h */ = {isa = PBXFileReference; fileEncoding = 4; lastKnownFileType = sourcecode.c.h; path = "NSData+Common.h"; sourceTree = "<group>"; };
		F1BF4BF81DC1D5AC004FC3A2 /* NSData+Common.m */ = {isa = PBXFileReference; fileEncoding = 4; lastKnownFileType = sourcecode.c.objc; path = "NSData+Common.m"; sourceTree = "<group>"; };
		F1BF4BFF1DC1D5AC004FC3A2 /* UIColor+Extends.h */ = {isa = PBXFileReference; fileEncoding = 4; lastKnownFileType = sourcecode.c.h; path = "UIColor+Extends.h"; sourceTree = "<group>"; };
		F1BF4C001DC1D5AC004FC3A2 /* UIColor+Extends.m */ = {isa = PBXFileReference; fileEncoding = 4; lastKnownFileType = sourcecode.c.objc; path = "UIColor+Extends.m"; sourceTree = "<group>"; };
		F1BF4C031DC1D5AC004FC3A2 /* UILabel+Common.h */ = {isa = PBXFileReference; fileEncoding = 4; lastKnownFileType = sourcecode.c.h; path = "UILabel+Common.h"; sourceTree = "<group>"; };
		F1BF4C041DC1D5AC004FC3A2 /* UILabel+Common.m */ = {isa = PBXFileReference; fileEncoding = 4; lastKnownFileType = sourcecode.c.objc; path = "UILabel+Common.m"; sourceTree = "<group>"; };
		F1BF4C061DC1D5AC004FC3A2 /* UIViewController+VTransAnimation.h */ = {isa = PBXFileReference; fileEncoding = 4; lastKnownFileType = sourcecode.c.h; path = "UIViewController+VTransAnimation.h"; sourceTree = "<group>"; };
		F1BF4C071DC1D5AC004FC3A2 /* UIViewController+VTransAnimation.m */ = {isa = PBXFileReference; fileEncoding = 4; lastKnownFileType = sourcecode.c.objc; path = "UIViewController+VTransAnimation.m"; sourceTree = "<group>"; };
		F1BF4C091DC1D5AC004FC3A2 /* HSDeviceID.h */ = {isa = PBXFileReference; fileEncoding = 4; lastKnownFileType = sourcecode.c.h; path = HSDeviceID.h; sourceTree = "<group>"; };
		F1BF4C0A1DC1D5AC004FC3A2 /* HSDeviceID.m */ = {isa = PBXFileReference; fileEncoding = 4; lastKnownFileType = sourcecode.c.objc; path = HSDeviceID.m; sourceTree = "<group>"; };
		F1BF4C0B1DC1D5AC004FC3A2 /* HSKeyChain.h */ = {isa = PBXFileReference; fileEncoding = 4; lastKnownFileType = sourcecode.c.h; path = HSKeyChain.h; sourceTree = "<group>"; };
		F1BF4C0C1DC1D5AC004FC3A2 /* HSKeyChain.m */ = {isa = PBXFileReference; fileEncoding = 4; lastKnownFileType = sourcecode.c.objc; path = HSKeyChain.m; sourceTree = "<group>"; };
		F1BF4C0D1DC1D5AC004FC3A2 /* IOSDeviceConfig.h */ = {isa = PBXFileReference; fileEncoding = 4; lastKnownFileType = sourcecode.c.h; path = IOSDeviceConfig.h; sourceTree = "<group>"; };
		F1BF4C0E1DC1D5AC004FC3A2 /* IOSDeviceConfig.m */ = {isa = PBXFileReference; fileEncoding = 4; lastKnownFileType = sourcecode.c.objc; path = IOSDeviceConfig.m; sourceTree = "<group>"; };
		F1BF4C0F1DC1D5AC004FC3A2 /* IOSDeviceMacro.h */ = {isa = PBXFileReference; fileEncoding = 4; lastKnownFileType = sourcecode.c.h; path = IOSDeviceMacro.h; sourceTree = "<group>"; };
		F1BF4C181DC1D5AC004FC3A2 /* VBase1ViewController.h */ = {isa = PBXFileReference; fileEncoding = 4; lastKnownFileType = sourcecode.c.h; path = VBase1ViewController.h; sourceTree = "<group>"; };
		F1BF4C191DC1D5AC004FC3A2 /* VBase1ViewController.m */ = {isa = PBXFileReference; fileEncoding = 4; lastKnownFileType = sourcecode.c.objc; path = VBase1ViewController.m; sourceTree = "<group>"; };
		F1BF4C1A1DC1D5AC004FC3A2 /* VShowWeb1Controller.h */ = {isa = PBXFileReference; fileEncoding = 4; lastKnownFileType = sourcecode.c.h; path = VShowWeb1Controller.h; sourceTree = "<group>"; };
		F1BF4C1B1DC1D5AC004FC3A2 /* VShowWeb1Controller.m */ = {isa = PBXFileReference; fileEncoding = 4; lastKnownFileType = sourcecode.c.objc; path = VShowWeb1Controller.m; sourceTree = "<group>"; };
		F1BF4C1D1DC1D5AC004FC3A2 /* MBProgressHUD.h */ = {isa = PBXFileReference; fileEncoding = 4; lastKnownFileType = sourcecode.c.h; path = MBProgressHUD.h; sourceTree = "<group>"; };
		F1BF4C1E1DC1D5AC004FC3A2 /* MBProgressHUD.m */ = {isa = PBXFileReference; fileEncoding = 4; lastKnownFileType = sourcecode.c.objc; path = MBProgressHUD.m; sourceTree = "<group>"; };
		F1BF4C1F1DC1D5AC004FC3A2 /* VHUDHelper.h */ = {isa = PBXFileReference; fileEncoding = 4; lastKnownFileType = sourcecode.c.h; path = VHUDHelper.h; sourceTree = "<group>"; };
		F1BF4C201DC1D5AC004FC3A2 /* VHUDHelper.m */ = {isa = PBXFileReference; fileEncoding = 4; lastKnownFileType = sourcecode.c.objc; path = VHUDHelper.m; sourceTree = "<group>"; };
		F1BF4C221DC1D5AC004FC3A2 /* VImageView.h */ = {isa = PBXFileReference; fileEncoding = 4; lastKnownFileType = sourcecode.c.h; path = VImageView.h; sourceTree = "<group>"; };
		F1BF4C231DC1D5AC004FC3A2 /* VImageView.m */ = {isa = PBXFileReference; fileEncoding = 4; lastKnownFileType = sourcecode.c.objc; path = VImageView.m; sourceTree = "<group>"; };
		F1BF4C251DC1D5AC004FC3A2 /* FontHelper.h */ = {isa = PBXFileReference; fileEncoding = 4; lastKnownFileType = sourcecode.c.h; path = FontHelper.h; sourceTree = "<group>"; };
		F1BF4C261DC1D5AC004FC3A2 /* FontHelper.m */ = {isa = PBXFileReference; fileEncoding = 4; lastKnownFileType = sourcecode.c.objc; path = FontHelper.m; sourceTree = "<group>"; };
		F1BF4C271DC1D5AC004FC3A2 /* VDateTools.h */ = {isa = PBXFileReference; fileEncoding = 4; lastKnownFileType = sourcecode.c.h; path = VDateTools.h; sourceTree = "<group>"; };
		F1BF4C281DC1D5AC004FC3A2 /* VDateTools.m */ = {isa = PBXFileReference; fileEncoding = 4; lastKnownFileType = sourcecode.c.objc; path = VDateTools.m; sourceTree = "<group>"; };
/* End PBXFileReference section */

/* Begin PBXFrameworksBuildPhase section */
		F17A8CFB1DBEF81500C18971 /* Frameworks */ = {
			isa = PBXFrameworksBuildPhase;
			buildActionMask = 2147483647;
			files = (
				2785B7DA7FFEC24C0630E456 /* libPods.a in Frameworks */,
			);
			runOnlyForDeploymentPostprocessing = 0;
		};
/* End PBXFrameworksBuildPhase section */

/* Begin PBXGroup section */
		144D9C7E1DC324E700E85E3E /* MainClass */ = {
			isa = PBXGroup;
			children = (
				144D9C7F1DC324E700E85E3E /* ViewController.h */,
				144D9C801DC324E700E85E3E /* ViewController.m */,
			);
			path = MainClass;
			sourceTree = "<group>";
		};
		144D9C821DC3258B00E85E3E /* DataCenter */ = {
			isa = PBXGroup;
			children = (
				144D9C831DC3258B00E85E3E /* DataCenter.h */,
				144D9C841DC3258B00E85E3E /* DataCenter.m */,
				144D9C851DC3258B00E85E3E /* DataConfig.h */,
				144D9C861DC3258B00E85E3E /* DataConfig.m */,
				144D9C871DC3258B00E85E3E /* HostEntity.h */,
				144D9C881DC3258B00E85E3E /* HostEntity.m */,
				144D9C891DC3258B00E85E3E /* LoginEntity.h */,
				144D9C8A1DC3258B00E85E3E /* LoginEntity.m */,
				144D9C8B1DC3258B00E85E3E /* UserInfoModel.h */,
				144D9C8C1DC3258B00E85E3E /* UserInfoModel.m */,
			);
			path = DataCenter;
			sourceTree = "<group>";
		};
		144D9C981DC325E000E85E3E /* UIViewController+VTransAnimation */ = {
			isa = PBXGroup;
			children = (
				144D9C991DC325E000E85E3E /* UIViewController+VTransAnimation.h */,
				144D9C9A1DC325E000E85E3E /* UIViewController+VTransAnimation.m */,
			);
			path = "UIViewController+VTransAnimation";
			sourceTree = "<group>";
		};
		144D9C9F1DC3277700E85E3E /* FileHelper */ = {
			isa = PBXGroup;
			children = (
				144D9CA01DC3277700E85E3E /* VFileHelper.h */,
				144D9CA11DC3277700E85E3E /* VFileHelper.m */,
			);
			path = FileHelper;
			sourceTree = "<group>";
		};
		144D9CA21DC3277700E85E3E /* LocationHelper */ = {
			isa = PBXGroup;
			children = (
				144D9CA31DC3277700E85E3E /* VLocationHelper.h */,
				144D9CA41DC3277700E85E3E /* VLocationHelper.m */,
			);
			path = LocationHelper;
			sourceTree = "<group>";
		};
		144D9CA51DC3277700E85E3E /* VersionHelper */ = {
			isa = PBXGroup;
			children = (
				144D9CA81DC327AE00E85E3E /* VersionHelper.h */,
				144D9CA91DC327AE00E85E3E /* VersionHelper.m */,
			);
			path = VersionHelper;
			sourceTree = "<group>";
		};
		3E32CC08DBF76852B4CF69DD /* Pods */ = {
			isa = PBXGroup;
			children = (
				5F1C3A7A8377FA6661413167 /* Pods.debug.xcconfig */,
				2FE929BC07195A3DC85AE8E6 /* Pods.release.xcconfig */,
			);
			name = Pods;
			sourceTree = "<group>";
		};
		4499C49DB338D777A2AFD388 /* Frameworks */ = {
			isa = PBXGroup;
			children = (
				7A9792B1699CF881E85C1B62 /* libPods.a */,
			);
			name = Frameworks;
			sourceTree = "<group>";
		};
		F17A8CF51DBEF81500C18971 = {
			isa = PBXGroup;
			children = (
				F17A8D001DBEF81500C18971 /* ProjectTools */,
				F17A8CFF1DBEF81500C18971 /* Products */,
				3E32CC08DBF76852B4CF69DD /* Pods */,
				4499C49DB338D777A2AFD388 /* Frameworks */,
			);
			sourceTree = "<group>";
		};
		F17A8CFF1DBEF81500C18971 /* Products */ = {
			isa = PBXGroup;
			children = (
				F17A8CFE1DBEF81500C18971 /* ProjectTools.app */,
			);
			name = Products;
			sourceTree = "<group>";
		};
		F17A8D001DBEF81500C18971 /* ProjectTools */ = {
			isa = PBXGroup;
			children = (
				F17A8D181DBEF88C00C18971 /* AppDelegate */,
				144D9C7E1DC324E700E85E3E /* MainClass */,
				F17A8D1F1DBEF88C00C18971 /* DataLogic */,
				F1BF4BF21DC1D5AC004FC3A2 /* Expand */,
				F1BF474D1DC0FD58004FC3A2 /* CustomUIs */,
				F1BF47841DC10BCA004FC3A2 /* 3rds */,
				F17A8D0A1DBEF81500C18971 /* Main.storyboard */,
				F17A8D0D1DBEF81500C18971 /* Assets.xcassets */,
				F17A8D0F1DBEF81500C18971 /* LaunchScreen.storyboard */,
				F17A8D121DBEF81500C18971 /* Info.plist */,
				F17A8D011DBEF81500C18971 /* Supporting Files */,
			);
			path = ProjectTools;
			sourceTree = "<group>";
		};
		F17A8D011DBEF81500C18971 /* Supporting Files */ = {
			isa = PBXGroup;
			children = (
				F17A8D021DBEF81500C18971 /* main.m */,
				F17A8D1B1DBEF88C00C18971 /* Constant.h */,
				F17A8D431DBEF88C00C18971 /* PrefixHeader.pch */,
			);
			name = "Supporting Files";
			sourceTree = "<group>";
		};
		F17A8D181DBEF88C00C18971 /* AppDelegate */ = {
			isa = PBXGroup;
			children = (
				F17A8D191DBEF88C00C18971 /* AppDelegate.h */,
				F17A8D1A1DBEF88C00C18971 /* AppDelegate.m */,
			);
			path = AppDelegate;
			sourceTree = "<group>";
		};
		F17A8D1F1DBEF88C00C18971 /* DataLogic */ = {
			isa = PBXGroup;
			children = (
				144D9C9F1DC3277700E85E3E /* FileHelper */,
				144D9CA21DC3277700E85E3E /* LocationHelper */,
				144D9CA51DC3277700E85E3E /* VersionHelper */,
				144D9C821DC3258B00E85E3E /* DataCenter */,
				F1BF475B1DC0FDD4004FC3A2 /* CacheHelper */,
				F1BF475E1DC0FDD4004FC3A2 /* DBHelper */,
				F1BF47651DC0FDD4004FC3A2 /* HttpHelper */,
			);
			path = DataLogic;
			sourceTree = "<group>";
		};
		F1BF474D1DC0FD58004FC3A2 /* CustomUIs */ = {
			isa = PBXGroup;
			children = (
			);
			path = CustomUIs;
			sourceTree = "<group>";
		};
		F1BF475B1DC0FDD4004FC3A2 /* CacheHelper */ = {
			isa = PBXGroup;
			children = (
				F1BF475C1DC0FDD4004FC3A2 /* VCacheManager.h */,
				F1BF475D1DC0FDD4004FC3A2 /* VCacheManager.m */,
			);
			path = CacheHelper;
			sourceTree = "<group>";
		};
		F1BF475E1DC0FDD4004FC3A2 /* DBHelper */ = {
			isa = PBXGroup;
			children = (
				F1BF475F1DC0FDD4004FC3A2 /* CartDao.h */,
				F1BF47601DC0FDD4004FC3A2 /* CartDao.m */,
				F1BF47611DC0FDD4004FC3A2 /* DBHelper.h */,
				F1BF47621DC0FDD4004FC3A2 /* DBHelper.m */,
				F1BF47631DC0FDD4004FC3A2 /* MyFavouritesDao.h */,
				F1BF47641DC0FDD4004FC3A2 /* MyFavouritesDao.m */,
			);
			path = DBHelper;
			sourceTree = "<group>";
		};
		F1BF47651DC0FDD4004FC3A2 /* HttpHelper */ = {
			isa = PBXGroup;
			children = (
				144D9CAB1DC327C000E85E3E /* VHttpHelper.h */,
				144D9CAC1DC327C000E85E3E /* VHttpHelper.m */,
			);
			path = HttpHelper;
			sourceTree = "<group>";
		};
		F1BF47841DC10BCA004FC3A2 /* 3rds */ = {
			isa = PBXGroup;
			children = (
				F1BF47851DC10C3B004FC3A2 /* DebugMacro */,
			);
			path = 3rds;
			sourceTree = "<group>";
		};
		F1BF47851DC10C3B004FC3A2 /* DebugMacro */ = {
			isa = PBXGroup;
			children = (
				F1BF47861DC10C3B004FC3A2 /* ARCCompile.h */,
				F1BF47871DC10C3B004FC3A2 /* DebugMarco.h */,
			);
			path = DebugMacro;
			sourceTree = "<group>";
		};
		F1BF4BF21DC1D5AC004FC3A2 /* Expand */ = {
			isa = PBXGroup;
			children = (
				F1BF4BF31DC1D5AC004FC3A2 /* Categories */,
				F1BF4C081DC1D5AC004FC3A2 /* DeviceID */,
				F1BF4C161DC1D5AC004FC3A2 /* UIFramework */,
				F1BF4C241DC1D5AC004FC3A2 /* Utils */,
			);
			path = Expand;
			sourceTree = "<group>";
		};
		F1BF4BF31DC1D5AC004FC3A2 /* Categories */ = {
			isa = PBXGroup;
			children = (
				144D9C921DC325E000E85E3E /* NSDictionary+Extension.h */,
				144D9C931DC325E000E85E3E /* NSDictionary+Extension.m */,
				144D9C941DC325E000E85E3E /* NSString+Extension.h */,
				144D9C951DC325E000E85E3E /* NSString+Extension.m */,
				144D9C961DC325E000E85E3E /* UIImage+Extension.h */,
				144D9C971DC325E000E85E3E /* UIImage+Extension.m */,
				144D9C981DC325E000E85E3E /* UIViewController+VTransAnimation */,
				F1BF4BF41DC1D5AC004FC3A2 /* GTMBase64.h */,
				F1BF4BF51DC1D5AC004FC3A2 /* GTMBase64.m */,
				F1BF4BF61DC1D5AC004FC3A2 /* GTMDefines.h */,
				F1BF4BF71DC1D5AC004FC3A2 /* NSData+Common.h */,
				F1BF4BF81DC1D5AC004FC3A2 /* NSData+Common.m */,
				F1BF4BFF1DC1D5AC004FC3A2 /* UIColor+Extends.h */,
				F1BF4C001DC1D5AC004FC3A2 /* UIColor+Extends.m */,
				F1BF4C031DC1D5AC004FC3A2 /* UILabel+Common.h */,
				F1BF4C041DC1D5AC004FC3A2 /* UILabel+Common.m */,
				F1BF4C051DC1D5AC004FC3A2 /* UIViewController+VTransAnimation */,
			);
			path = Categories;
			sourceTree = "<group>";
		};
		F1BF4C051DC1D5AC004FC3A2 /* UIViewController+VTransAnimation */ = {
			isa = PBXGroup;
			children = (
				F1BF4C061DC1D5AC004FC3A2 /* UIViewController+VTransAnimation.h */,
				F1BF4C071DC1D5AC004FC3A2 /* UIViewController+VTransAnimation.m */,
			);
			path = "UIViewController+VTransAnimation";
			sourceTree = "<group>";
		};
		F1BF4C081DC1D5AC004FC3A2 /* DeviceID */ = {
			isa = PBXGroup;
			children = (
				F1BF4C091DC1D5AC004FC3A2 /* HSDeviceID.h */,
				F1BF4C0A1DC1D5AC004FC3A2 /* HSDeviceID.m */,
				F1BF4C0B1DC1D5AC004FC3A2 /* HSKeyChain.h */,
				F1BF4C0C1DC1D5AC004FC3A2 /* HSKeyChain.m */,
				F1BF4C0D1DC1D5AC004FC3A2 /* IOSDeviceConfig.h */,
				F1BF4C0E1DC1D5AC004FC3A2 /* IOSDeviceConfig.m */,
				F1BF4C0F1DC1D5AC004FC3A2 /* IOSDeviceMacro.h */,
			);
			path = DeviceID;
			sourceTree = "<group>";
		};
		F1BF4C161DC1D5AC004FC3A2 /* UIFramework */ = {
			isa = PBXGroup;
			children = (
				F1BF4C171DC1D5AC004FC3A2 /* BaseClasses */,
				F1BF4C1C1DC1D5AC004FC3A2 /* HUBHelper */,
				F1BF4C211DC1D5AC004FC3A2 /* UIs */,
			);
			path = UIFramework;
			sourceTree = "<group>";
		};
		F1BF4C171DC1D5AC004FC3A2 /* BaseClasses */ = {
			isa = PBXGroup;
			children = (
				F1BF4C181DC1D5AC004FC3A2 /* VBase1ViewController.h */,
				F1BF4C191DC1D5AC004FC3A2 /* VBase1ViewController.m */,
				F1BF4C1A1DC1D5AC004FC3A2 /* VShowWeb1Controller.h */,
				F1BF4C1B1DC1D5AC004FC3A2 /* VShowWeb1Controller.m */,
			);
			path = BaseClasses;
			sourceTree = "<group>";
		};
		F1BF4C1C1DC1D5AC004FC3A2 /* HUBHelper */ = {
			isa = PBXGroup;
			children = (
				F1BF4C1D1DC1D5AC004FC3A2 /* MBProgressHUD.h */,
				F1BF4C1E1DC1D5AC004FC3A2 /* MBProgressHUD.m */,
				F1BF4C1F1DC1D5AC004FC3A2 /* VHUDHelper.h */,
				F1BF4C201DC1D5AC004FC3A2 /* VHUDHelper.m */,
			);
			path = HUBHelper;
			sourceTree = "<group>";
		};
		F1BF4C211DC1D5AC004FC3A2 /* UIs */ = {
			isa = PBXGroup;
			children = (
				F1BF4C221DC1D5AC004FC3A2 /* VImageView.h */,
				F1BF4C231DC1D5AC004FC3A2 /* VImageView.m */,
			);
			path = UIs;
			sourceTree = "<group>";
		};
		F1BF4C241DC1D5AC004FC3A2 /* Utils */ = {
			isa = PBXGroup;
			children = (
				F1BF4C251DC1D5AC004FC3A2 /* FontHelper.h */,
				F1BF4C261DC1D5AC004FC3A2 /* FontHelper.m */,
				F1BF4C271DC1D5AC004FC3A2 /* VDateTools.h */,
				F1BF4C281DC1D5AC004FC3A2 /* VDateTools.m */,
			);
			path = Utils;
			sourceTree = "<group>";
		};
/* End PBXGroup section */

/* Begin PBXNativeTarget section */
		F17A8CFD1DBEF81500C18971 /* ProjectTools */ = {
			isa = PBXNativeTarget;
			buildConfigurationList = F17A8D151DBEF81500C18971 /* Build configuration list for PBXNativeTarget "ProjectTools" */;
			buildPhases = (
				050A6EFEFE77AAD29643F2E0 /* Check Pods Manifest.lock */,
				F17A8CFA1DBEF81500C18971 /* Sources */,
				F17A8CFB1DBEF81500C18971 /* Frameworks */,
				F17A8CFC1DBEF81500C18971 /* Resources */,
				C256EEE07D9BE2DF24F46FE2 /* Copy Pods Resources */,
			);
			buildRules = (
			);
			dependencies = (
			);
			name = ProjectTools;
			productName = ProjectTools;
			productReference = F17A8CFE1DBEF81500C18971 /* ProjectTools.app */;
			productType = "com.apple.product-type.application";
		};
/* End PBXNativeTarget section */

/* Begin PBXProject section */
		F17A8CF61DBEF81500C18971 /* Project object */ = {
			isa = PBXProject;
			attributes = {
				LastUpgradeCheck = 0800;
				ORGANIZATIONNAME = Vols;
				TargetAttributes = {
					F17A8CFD1DBEF81500C18971 = {
						CreatedOnToolsVersion = 8.0;
						ProvisioningStyle = Automatic;
					};
				};
			};
			buildConfigurationList = F17A8CF91DBEF81500C18971 /* Build configuration list for PBXProject "ProjectTools" */;
			compatibilityVersion = "Xcode 3.2";
			developmentRegion = English;
			hasScannedForEncodings = 0;
			knownRegions = (
				en,
				Base,
			);
			mainGroup = F17A8CF51DBEF81500C18971;
			productRefGroup = F17A8CFF1DBEF81500C18971 /* Products */;
			projectDirPath = "";
			projectRoot = "";
			targets = (
				F17A8CFD1DBEF81500C18971 /* ProjectTools */,
			);
		};
/* End PBXProject section */

/* Begin PBXResourcesBuildPhase section */
		F17A8CFC1DBEF81500C18971 /* Resources */ = {
			isa = PBXResourcesBuildPhase;
			buildActionMask = 2147483647;
			files = (
				F17A8D111DBEF81500C18971 /* LaunchScreen.storyboard in Resources */,
				F17A8D0E1DBEF81500C18971 /* Assets.xcassets in Resources */,
				F17A8D0C1DBEF81500C18971 /* Main.storyboard in Resources */,
			);
			runOnlyForDeploymentPostprocessing = 0;
		};
/* End PBXResourcesBuildPhase section */

/* Begin PBXShellScriptBuildPhase section */
		050A6EFEFE77AAD29643F2E0 /* Check Pods Manifest.lock */ = {
			isa = PBXShellScriptBuildPhase;
			buildActionMask = 2147483647;
			files = (
			);
			inputPaths = (
			);
			name = "Check Pods Manifest.lock";
			outputPaths = (
			);
			runOnlyForDeploymentPostprocessing = 0;
			shellPath = /bin/sh;
			shellScript = "diff \"${PODS_ROOT}/../Podfile.lock\" \"${PODS_ROOT}/Manifest.lock\" > /dev/null\nif [[ $? != 0 ]] ; then\n    cat << EOM\nerror: The sandbox is not in sync with the Podfile.lock. Run 'pod install' or update your CocoaPods installation.\nEOM\n    exit 1\nfi\n";
			showEnvVarsInLog = 0;
		};
		C256EEE07D9BE2DF24F46FE2 /* Copy Pods Resources */ = {
			isa = PBXShellScriptBuildPhase;
			buildActionMask = 2147483647;
			files = (
			);
			inputPaths = (
			);
			name = "Copy Pods Resources";
			outputPaths = (
			);
			runOnlyForDeploymentPostprocessing = 0;
			shellPath = /bin/sh;
			shellScript = "\"${SRCROOT}/Pods/Target Support Files/Pods/Pods-resources.sh\"\n";
			showEnvVarsInLog = 0;
		};
/* End PBXShellScriptBuildPhase section */

/* Begin PBXSourcesBuildPhase section */
		F17A8CFA1DBEF81500C18971 /* Sources */ = {
			isa = PBXSourcesBuildPhase;
			buildActionMask = 2147483647;
			files = (
				F1BF47681DC0FDD4004FC3A2 /* DBHelper.m in Sources */,
				F1BF47691DC0FDD4004FC3A2 /* MyFavouritesDao.m in Sources */,
				F1BF4C3A1DC1D5AC004FC3A2 /* VHUDHelper.m in Sources */,
				F1BF4C301DC1D5AC004FC3A2 /* UILabel+Common.m in Sources */,
				F1BF4C291DC1D5AC004FC3A2 /* GTMBase64.m in Sources */,
				F1BF4C3C1DC1D5AC004FC3A2 /* FontHelper.m in Sources */,
				144D9C8D1DC3258B00E85E3E /* DataCenter.m in Sources */,
				144D9C8E1DC3258B00E85E3E /* DataConfig.m in Sources */,
				144D9CA61DC3277700E85E3E /* VFileHelper.m in Sources */,
				144D9C9B1DC325E000E85E3E /* NSDictionary+Extension.m in Sources */,
				F1BF4C391DC1D5AC004FC3A2 /* MBProgressHUD.m in Sources */,
				F1BF47661DC0FDD4004FC3A2 /* VCacheManager.m in Sources */,
				F1BF4C321DC1D5AC004FC3A2 /* HSDeviceID.m in Sources */,
				144D9C9D1DC325E000E85E3E /* UIImage+Extension.m in Sources */,
				144D9C8F1DC3258B00E85E3E /* HostEntity.m in Sources */,
				144D9C911DC3258B00E85E3E /* UserInfoModel.m in Sources */,
				144D9C811DC324E700E85E3E /* ViewController.m in Sources */,
				144D9C9C1DC325E000E85E3E /* NSString+Extension.m in Sources */,
				F1BF4C371DC1D5AC004FC3A2 /* VBase1ViewController.m in Sources */,
				144D9CAA1DC327AE00E85E3E /* VersionHelper.m in Sources */,
				F1BF4C3D1DC1D5AC004FC3A2 /* VDateTools.m in Sources */,
				F1BF47671DC0FDD4004FC3A2 /* CartDao.m in Sources */,
				F1BF4C341DC1D5AC004FC3A2 /* IOSDeviceConfig.m in Sources */,
				F1BF4C331DC1D5AC004FC3A2 /* HSKeyChain.m in Sources */,
				F1BF4C3B1DC1D5AC004FC3A2 /* VImageView.m in Sources */,
				144D9CA71DC3277700E85E3E /* VLocationHelper.m in Sources */,
				F1BF4C381DC1D5AC004FC3A2 /* VShowWeb1Controller.m in Sources */,
				F17A8D441DBEF88C00C18971 /* AppDelegate.m in Sources */,
				F17A8D031DBEF81500C18971 /* main.m in Sources */,
				F1BF4C2E1DC1D5AC004FC3A2 /* UIColor+Extends.m in Sources */,
				F1BF4C2A1DC1D5AC004FC3A2 /* NSData+Common.m in Sources */,
				144D9C901DC3258B00E85E3E /* LoginEntity.m in Sources */,
				144D9C9E1DC325E000E85E3E /* UIViewController+VTransAnimation.m in Sources */,
				F1BF4C311DC1D5AC004FC3A2 /* UIViewController+VTransAnimation.m in Sources */,
				144D9CAD1DC327C000E85E3E /* VHttpHelper.m in Sources */,
			);
			runOnlyForDeploymentPostprocessing = 0;
		};
/* End PBXSourcesBuildPhase section */

/* Begin PBXVariantGroup section */
		F17A8D0A1DBEF81500C18971 /* Main.storyboard */ = {
			isa = PBXVariantGroup;
			children = (
				F17A8D0B1DBEF81500C18971 /* Base */,
			);
			name = Main.storyboard;
			sourceTree = "<group>";
		};
		F17A8D0F1DBEF81500C18971 /* LaunchScreen.storyboard */ = {
			isa = PBXVariantGroup;
			children = (
				F17A8D101DBEF81500C18971 /* Base */,
			);
			name = LaunchScreen.storyboard;
			sourceTree = "<group>";
		};
/* End PBXVariantGroup section */

/* Begin XCBuildConfiguration section */
		F17A8D131DBEF81500C18971 /* Debug */ = {
			isa = XCBuildConfiguration;
			buildSettings = {
				ALWAYS_SEARCH_USER_PATHS = NO;
				CLANG_ANALYZER_NONNULL = YES;
				CLANG_CXX_LANGUAGE_STANDARD = "gnu++0x";
				CLANG_CXX_LIBRARY = "libc++";
				CLANG_ENABLE_MODULES = YES;
				CLANG_ENABLE_OBJC_ARC = YES;
				CLANG_WARN_BOOL_CONVERSION = YES;
				CLANG_WARN_CONSTANT_CONVERSION = YES;
				CLANG_WARN_DIRECT_OBJC_ISA_USAGE = YES_ERROR;
				CLANG_WARN_DOCUMENTATION_COMMENTS = YES;
				CLANG_WARN_EMPTY_BODY = YES;
				CLANG_WARN_ENUM_CONVERSION = YES;
				CLANG_WARN_INFINITE_RECURSION = YES;
				CLANG_WARN_INT_CONVERSION = YES;
				CLANG_WARN_OBJC_ROOT_CLASS = YES_ERROR;
				CLANG_WARN_SUSPICIOUS_MOVES = YES;
				CLANG_WARN_UNREACHABLE_CODE = YES;
				CLANG_WARN__DUPLICATE_METHOD_MATCH = YES;
				"CODE_SIGN_IDENTITY[sdk=iphoneos*]" = "iPhone Developer";
				COPY_PHASE_STRIP = NO;
				DEBUG_INFORMATION_FORMAT = dwarf;
				ENABLE_STRICT_OBJC_MSGSEND = YES;
				ENABLE_TESTABILITY = YES;
				GCC_C_LANGUAGE_STANDARD = gnu99;
				GCC_DYNAMIC_NO_PIC = NO;
				GCC_NO_COMMON_BLOCKS = YES;
				GCC_OPTIMIZATION_LEVEL = 0;
				GCC_PREPROCESSOR_DEFINITIONS = (
					"DEBUG=1",
					"$(inherited)",
				);
				GCC_WARN_64_TO_32_BIT_CONVERSION = YES;
				GCC_WARN_ABOUT_RETURN_TYPE = YES_ERROR;
				GCC_WARN_UNDECLARED_SELECTOR = YES;
				GCC_WARN_UNINITIALIZED_AUTOS = YES_AGGRESSIVE;
				GCC_WARN_UNUSED_FUNCTION = YES;
				GCC_WARN_UNUSED_VARIABLE = YES;
				IPHONEOS_DEPLOYMENT_TARGET = 10.0;
				MTL_ENABLE_DEBUG_INFO = YES;
				ONLY_ACTIVE_ARCH = YES;
				SDKROOT = iphoneos;
			};
			name = Debug;
		};
		F17A8D141DBEF81500C18971 /* Release */ = {
			isa = XCBuildConfiguration;
			buildSettings = {
				ALWAYS_SEARCH_USER_PATHS = NO;
				CLANG_ANALYZER_NONNULL = YES;
				CLANG_CXX_LANGUAGE_STANDARD = "gnu++0x";
				CLANG_CXX_LIBRARY = "libc++";
				CLANG_ENABLE_MODULES = YES;
				CLANG_ENABLE_OBJC_ARC = YES;
				CLANG_WARN_BOOL_CONVERSION = YES;
				CLANG_WARN_CONSTANT_CONVERSION = YES;
				CLANG_WARN_DIRECT_OBJC_ISA_USAGE = YES_ERROR;
				CLANG_WARN_DOCUMENTATION_COMMENTS = YES;
				CLANG_WARN_EMPTY_BODY = YES;
				CLANG_WARN_ENUM_CONVERSION = YES;
				CLANG_WARN_INFINITE_RECURSION = YES;
				CLANG_WARN_INT_CONVERSION = YES;
				CLANG_WARN_OBJC_ROOT_CLASS = YES_ERROR;
				CLANG_WARN_SUSPICIOUS_MOVES = YES;
				CLANG_WARN_UNREACHABLE_CODE = YES;
				CLANG_WARN__DUPLICATE_METHOD_MATCH = YES;
				"CODE_SIGN_IDENTITY[sdk=iphoneos*]" = "iPhone Developer";
				COPY_PHASE_STRIP = NO;
				DEBUG_INFORMATION_FORMAT = "dwarf-with-dsym";
				ENABLE_NS_ASSERTIONS = NO;
				ENABLE_STRICT_OBJC_MSGSEND = YES;
				GCC_C_LANGUAGE_STANDARD = gnu99;
				GCC_NO_COMMON_BLOCKS = YES;
				GCC_WARN_64_TO_32_BIT_CONVERSION = YES;
				GCC_WARN_ABOUT_RETURN_TYPE = YES_ERROR;
				GCC_WARN_UNDECLARED_SELECTOR = YES;
				GCC_WARN_UNINITIALIZED_AUTOS = YES_AGGRESSIVE;
				GCC_WARN_UNUSED_FUNCTION = YES;
				GCC_WARN_UNUSED_VARIABLE = YES;
				IPHONEOS_DEPLOYMENT_TARGET = 10.0;
				MTL_ENABLE_DEBUG_INFO = NO;
				SDKROOT = iphoneos;
				VALIDATE_PRODUCT = YES;
			};
			name = Release;
		};
		F17A8D161DBEF81500C18971 /* Debug */ = {
			isa = XCBuildConfiguration;
			baseConfigurationReference = 5F1C3A7A8377FA6661413167 /* Pods.debug.xcconfig */;
			buildSettings = {
				ASSETCATALOG_COMPILER_APPICON_NAME = AppIcon;
				GCC_PREFIX_HEADER = "$(SRCROOT)/ProjectTools/PrefixHeader.pch";
				INFOPLIST_FILE = ProjectTools/Info.plist;
				LD_RUNPATH_SEARCH_PATHS = "$(inherited) @executable_path/Frameworks";
				PRODUCT_BUNDLE_IDENTIFIER = com.ProjectTools;
				PRODUCT_NAME = "$(TARGET_NAME)";
			};
			name = Debug;
		};
		F17A8D171DBEF81500C18971 /* Release */ = {
			isa = XCBuildConfiguration;
			baseConfigurationReference = 2FE929BC07195A3DC85AE8E6 /* Pods.release.xcconfig */;
			buildSettings = {
				ASSETCATALOG_COMPILER_APPICON_NAME = AppIcon;
				GCC_PREFIX_HEADER = "$(SRCROOT)/ProjectTools/PrefixHeader.pch";
				INFOPLIST_FILE = ProjectTools/Info.plist;
				LD_RUNPATH_SEARCH_PATHS = "$(inherited) @executable_path/Frameworks";
				PRODUCT_BUNDLE_IDENTIFIER = com.ProjectTools;
				PRODUCT_NAME = "$(TARGET_NAME)";
			};
			name = Release;
		};
/* End XCBuildConfiguration section */

/* Begin XCConfigurationList section */
		F17A8CF91DBEF81500C18971 /* Build configuration list for PBXProject "ProjectTools" */ = {
			isa = XCConfigurationList;
			buildConfigurations = (
				F17A8D131DBEF81500C18971 /* Debug */,
				F17A8D141DBEF81500C18971 /* Release */,
			);
			defaultConfigurationIsVisible = 0;
			defaultConfigurationName = Release;
		};
		F17A8D151DBEF81500C18971 /* Build configuration list for PBXNativeTarget "ProjectTools" */ = {
			isa = XCConfigurationList;
			buildConfigurations = (
				F17A8D161DBEF81500C18971 /* Debug */,
				F17A8D171DBEF81500C18971 /* Release */,
			);
			defaultConfigurationIsVisible = 0;
			defaultConfigurationName = Release;
		};
/* End XCConfigurationList section */
	};
	rootObject = F17A8CF61DBEF81500C18971 /* Project object */;
}
