// !$*UTF8*$!
{
	archiveVersion = 1;
	classes = {
	};
	objectVersion = 46;
	objects = {

/* Begin PBXBuildFile section */
		144D9C8D1DC3258B00E85E3E /* DataCenter.m in Sources */ = {isa = PBXBuildFile; fileRef = 144D9C841DC3258B00E85E3E /* DataCenter.m */; };
		144D9C8E1DC3258B00E85E3E /* DataConfig.m in Sources */ = {isa = PBXBuildFile; fileRef = 144D9C861DC3258B00E85E3E /* DataConfig.m */; };
		144D9CAA1DC327AE00E85E3E /* VersionHelper.m in Sources */ = {isa = PBXBuildFile; fileRef = 144D9CA91DC327AE00E85E3E /* VersionHelper.m */; };
		5F2A8FD26336284A0C40CB29 /* libPods-ProjectTools.a in Frameworks */ = {isa = PBXBuildFile; fileRef = C13C9F9F8C578144BD63669C /* libPods-ProjectTools.a */; };
		F13978451E5EB9A600F61495 /* YYFPSLabel.m in Sources */ = {isa = PBXBuildFile; fileRef = F13978421E5EB9A600F61495 /* YYFPSLabel.m */; };
		F13978461E5EB9A600F61495 /* YYWeakProxy.m in Sources */ = {isa = PBXBuildFile; fileRef = F13978441E5EB9A600F61495 /* YYWeakProxy.m */; };
		F140DA2A1DFA628000A89561 /* V2ShowWebViewController.m in Sources */ = {isa = PBXBuildFile; fileRef = F140DA291DFA628000A89561 /* V2ShowWebViewController.m */; };
		F140DA501DFA9B6F00A89561 /* V2WebViewController.m in Sources */ = {isa = PBXBuildFile; fileRef = F140DA4F1DFA9B6F00A89561 /* V2WebViewController.m */; };
		F141FD991E51B31400A26432 /* VEmptyViewHelper.m in Sources */ = {isa = PBXBuildFile; fileRef = F141FD821E51B31400A26432 /* VEmptyViewHelper.m */; };
		F141FD9A1E51B31400A26432 /* VFileHelper.m in Sources */ = {isa = PBXBuildFile; fileRef = F141FD851E51B31400A26432 /* VFileHelper.m */; };
		F141FD9B1E51B31400A26432 /* VHistoryCell.m in Sources */ = {isa = PBXBuildFile; fileRef = F141FD881E51B31400A26432 /* VHistoryCell.m */; };
		F141FD9C1E51B31400A26432 /* VHistoryHelper.m in Sources */ = {isa = PBXBuildFile; fileRef = F141FD8A1E51B31400A26432 /* VHistoryHelper.m */; };
		F141FD9E1E51B31400A26432 /* CLLocation+Transform.m in Sources */ = {isa = PBXBuildFile; fileRef = F141FD901E51B31400A26432 /* CLLocation+Transform.m */; };
		F141FD9F1E51B31400A26432 /* VLocationHelper.m in Sources */ = {isa = PBXBuildFile; fileRef = F141FD921E51B31400A26432 /* VLocationHelper.m */; };
		F144B1091ECD981F002904F8 /* VListController.m in Sources */ = {isa = PBXBuildFile; fileRef = F144B1081ECD981F002904F8 /* VListController.m */; };
		F144B10C1ECD9873002904F8 /* ListRequest.m in Sources */ = {isa = PBXBuildFile; fileRef = F144B10B1ECD9873002904F8 /* ListRequest.m */; };
		F144B1111ECD98B8002904F8 /* ReportModel.m in Sources */ = {isa = PBXBuildFile; fileRef = F144B10E1ECD98B8002904F8 /* ReportModel.m */; };
		F144B1121ECD98B8002904F8 /* ReportTableCell.m in Sources */ = {isa = PBXBuildFile; fileRef = F144B1101ECD98B8002904F8 /* ReportTableCell.m */; };
		F147929E1E76911200237963 /* VScrollMenuShowController.m in Sources */ = {isa = PBXBuildFile; fileRef = F147929B1E76911200237963 /* VScrollMenuShowController.m */; };
		F147929F1E76911200237963 /* VScrollPageShowController.m in Sources */ = {isa = PBXBuildFile; fileRef = F147929D1E76911200237963 /* VScrollPageShowController.m */; };
		F14792A41E76914000237963 /* VScroll1PageController.m in Sources */ = {isa = PBXBuildFile; fileRef = F14792A11E76913F00237963 /* VScroll1PageController.m */; };
		F14792A51E76914000237963 /* VScroll2PageController.m in Sources */ = {isa = PBXBuildFile; fileRef = F14792A31E76913F00237963 /* VScroll2PageController.m */; };
		F14792AD1E76952F00237963 /* ExampleViewController.m in Sources */ = {isa = PBXBuildFile; fileRef = F14792AA1E76952F00237963 /* ExampleViewController.m */; };
		F14792AE1E76952F00237963 /* VScrollMenuController.m in Sources */ = {isa = PBXBuildFile; fileRef = F14792AC1E76952F00237963 /* VScrollMenuController.m */; };
		F14792B11E76969600237963 /* UIView+VAdd.m in Sources */ = {isa = PBXBuildFile; fileRef = F14792B01E76969600237963 /* UIView+VAdd.m */; };
		F148226C1DE5C5AD000A5FC6 /* NSData+Common.m in Sources */ = {isa = PBXBuildFile; fileRef = F14822321DE5C5AD000A5FC6 /* NSData+Common.m */; };
		F148226D1DE5C5AD000A5FC6 /* NSDictionary+VAdd.m in Sources */ = {isa = PBXBuildFile; fileRef = F14822341DE5C5AD000A5FC6 /* NSDictionary+VAdd.m */; };
		F148226E1DE5C5AD000A5FC6 /* NSObject+VAdd.m in Sources */ = {isa = PBXBuildFile; fileRef = F14822361DE5C5AD000A5FC6 /* NSObject+VAdd.m */; };
		F148226F1DE5C5AD000A5FC6 /* NSString+VAdd.m in Sources */ = {isa = PBXBuildFile; fileRef = F14822381DE5C5AD000A5FC6 /* NSString+VAdd.m */; };
		F14822701DE5C5AD000A5FC6 /* UIColor+VAdd.m in Sources */ = {isa = PBXBuildFile; fileRef = F148223A1DE5C5AD000A5FC6 /* UIColor+VAdd.m */; };
		F14822711DE5C5AD000A5FC6 /* UIDevice+VAdd.m in Sources */ = {isa = PBXBuildFile; fileRef = F148223C1DE5C5AD000A5FC6 /* UIDevice+VAdd.m */; };
		F14822721DE5C5AD000A5FC6 /* UIImage+VAdd.m in Sources */ = {isa = PBXBuildFile; fileRef = F148223E1DE5C5AD000A5FC6 /* UIImage+VAdd.m */; };
		F14822731DE5C5AD000A5FC6 /* UILabel+Common.m in Sources */ = {isa = PBXBuildFile; fileRef = F14822401DE5C5AD000A5FC6 /* UILabel+Common.m */; };
		F14822741DE5C5AD000A5FC6 /* UIViewController+VTransAnimation.m in Sources */ = {isa = PBXBuildFile; fileRef = F14822431DE5C5AD000A5FC6 /* UIViewController+VTransAnimation.m */; };
		F14822801DE5C5AD000A5FC6 /* APPHelper.m in Sources */ = {isa = PBXBuildFile; fileRef = F14822601DE5C5AD000A5FC6 /* APPHelper.m */; };
		F14822811DE5C5AD000A5FC6 /* FontHelper.m in Sources */ = {isa = PBXBuildFile; fileRef = F14822621DE5C5AD000A5FC6 /* FontHelper.m */; };
		F14822821DE5C5AD000A5FC6 /* JSONHelper.m in Sources */ = {isa = PBXBuildFile; fileRef = F14822641DE5C5AD000A5FC6 /* JSONHelper.m */; };
		F14822831DE5C5AD000A5FC6 /* VDateTools.m in Sources */ = {isa = PBXBuildFile; fileRef = F14822661DE5C5AD000A5FC6 /* VDateTools.m */; };
		F14822EB1DEBDA35000A5FC6 /* VGCDTimer.m in Sources */ = {isa = PBXBuildFile; fileRef = F14822EA1DEBDA35000A5FC6 /* VGCDTimer.m */; };
		F14823E71DEE9CE3000A5FC6 /* VUIHelper.m in Sources */ = {isa = PBXBuildFile; fileRef = F14823E61DEE9CE3000A5FC6 /* VUIHelper.m */; };
		F14823EF1DEEAF6E000A5FC6 /* UIColor+Project.m in Sources */ = {isa = PBXBuildFile; fileRef = F14823EE1DEEAF6E000A5FC6 /* UIColor+Project.m */; };
		F14CFFBE1E39C67200EF8AA1 /* Login.storyboard in Resources */ = {isa = PBXBuildFile; fileRef = F14CFFBD1E39C67200EF8AA1 /* Login.storyboard */; };
		F14CFFC11E39C6D100EF8AA1 /* RegisterViewController.m in Sources */ = {isa = PBXBuildFile; fileRef = F14CFFC01E39C6D100EF8AA1 /* RegisterViewController.m */; };
		F14CFFC61E39CBED00EF8AA1 /* LoginRequest.m in Sources */ = {isa = PBXBuildFile; fileRef = F14CFFC51E39CBED00EF8AA1 /* LoginRequest.m */; };
		F14CFFC91E39CEA200EF8AA1 /* AccountRequest.m in Sources */ = {isa = PBXBuildFile; fileRef = F14CFFC81E39CEA200EF8AA1 /* AccountRequest.m */; };
		F15342D21DF10C7800B56089 /* VBase1ViewController.m in Sources */ = {isa = PBXBuildFile; fileRef = F15342CB1DF10C7800B56089 /* VBase1ViewController.m */; };
		F15342D31DF10C7800B56089 /* VBaseAppDelegate.m in Sources */ = {isa = PBXBuildFile; fileRef = F15342CD1DF10C7800B56089 /* VBaseAppDelegate.m */; };
		F15342D41DF10C7800B56089 /* VBaseNavigationController.m in Sources */ = {isa = PBXBuildFile; fileRef = F15342CF1DF10C7800B56089 /* VBaseNavigationController.m */; };
		F15342D51DF10C7800B56089 /* VShowWeb1Controller.m in Sources */ = {isa = PBXBuildFile; fileRef = F15342D11DF10C7800B56089 /* VShowWeb1Controller.m */; };
		F15DA1401E568C2E00D35F38 /* qidong.mp4 in Resources */ = {isa = PBXBuildFile; fileRef = F15DA13F1E568C2E00D35F38 /* qidong.mp4 */; };
		F15DA15B1E56A69500D35F38 /* MainTabBarController.m in Sources */ = {isa = PBXBuildFile; fileRef = F15DA1581E56A69500D35F38 /* MainTabBarController.m */; };
		F15DA15C1E56A69500D35F38 /* V2MainTabBarController.m in Sources */ = {isa = PBXBuildFile; fileRef = F15DA15A1E56A69500D35F38 /* V2MainTabBarController.m */; };
		F15DA1881E56C76C00D35F38 /* VSearchViewController.m in Sources */ = {isa = PBXBuildFile; fileRef = F15DA17F1E56C76C00D35F38 /* VSearchViewController.m */; };
		F15DA1891E56C76C00D35F38 /* VTitleCCell.m in Sources */ = {isa = PBXBuildFile; fileRef = F15DA1821E56C76C00D35F38 /* VTitleCCell.m */; };
		F15DA1901E56D0EA00D35F38 /* TabBar1stController.m in Sources */ = {isa = PBXBuildFile; fileRef = F15DA18F1E56D0EA00D35F38 /* TabBar1stController.m */; };
		F15DA1931E56D0F500D35F38 /* TabBar2stController.m in Sources */ = {isa = PBXBuildFile; fileRef = F15DA1921E56D0F500D35F38 /* TabBar2stController.m */; };
		F15DA1961E56D0FD00D35F38 /* TabBar3stController.m in Sources */ = {isa = PBXBuildFile; fileRef = F15DA1951E56D0FD00D35F38 /* TabBar3stController.m */; };
		F15DA19A1E56F08B00D35F38 /* VariousAnimationController.m in Sources */ = {isa = PBXBuildFile; fileRef = F15DA1991E56F08B00D35F38 /* VariousAnimationController.m */; };
		F15DA19F1E56F0AF00D35F38 /* VariousButtonController.m in Sources */ = {isa = PBXBuildFile; fileRef = F15DA19C1E56F0AF00D35F38 /* VariousButtonController.m */; };
		F15DA1A01E56F0AF00D35F38 /* VariousSwitchController.m in Sources */ = {isa = PBXBuildFile; fileRef = F15DA19E1E56F0AF00D35F38 /* VariousSwitchController.m */; };
		F160F0951DC750140053E731 /* AlipayManager.m in Sources */ = {isa = PBXBuildFile; fileRef = F160F0941DC750140053E731 /* AlipayManager.m */; };
		F160F09C1DC7504D0053E731 /* BaiduPayManager.m in Sources */ = {isa = PBXBuildFile; fileRef = F160F0971DC7504D0053E731 /* BaiduPayManager.m */; };
		F160F09D1DC7504D0053E731 /* CMBPayManager.m in Sources */ = {isa = PBXBuildFile; fileRef = F160F0991DC7504D0053E731 /* CMBPayManager.m */; };
		F160F09E1DC7504D0053E731 /* WXPayManager.m in Sources */ = {isa = PBXBuildFile; fileRef = F160F09B1DC7504D0053E731 /* WXPayManager.m */; };
		F160F1111DC7740C0053E731 /* LoginViewController.m in Sources */ = {isa = PBXBuildFile; fileRef = F160F1101DC7740C0053E731 /* LoginViewController.m */; };
		F160F1171DC780E90053E731 /* VCacheHelper.m in Sources */ = {isa = PBXBuildFile; fileRef = F160F1161DC780E90053E731 /* VCacheHelper.m */; };
		F17A8D031DBEF81500C18971 /* main.m in Sources */ = {isa = PBXBuildFile; fileRef = F17A8D021DBEF81500C18971 /* main.m */; };
		F17A8D0C1DBEF81500C18971 /* Main.storyboard in Resources */ = {isa = PBXBuildFile; fileRef = F17A8D0A1DBEF81500C18971 /* Main.storyboard */; };
		F17A8D0E1DBEF81500C18971 /* Assets.xcassets in Resources */ = {isa = PBXBuildFile; fileRef = F17A8D0D1DBEF81500C18971 /* Assets.xcassets */; };
		F17A8D111DBEF81500C18971 /* LaunchScreen.storyboard in Resources */ = {isa = PBXBuildFile; fileRef = F17A8D0F1DBEF81500C18971 /* LaunchScreen.storyboard */; };
		F17A8D441DBEF88C00C18971 /* AppDelegate.m in Sources */ = {isa = PBXBuildFile; fileRef = F17A8D1A1DBEF88C00C18971 /* AppDelegate.m */; };
		F18F46151E794C4F002C3125 /* VLaunchAdPage.m in Sources */ = {isa = PBXBuildFile; fileRef = F18F45DA1E794C4F002C3125 /* VLaunchAdPage.m */; };
		F18F46161E794C4F002C3125 /* VGuidePage.m in Sources */ = {isa = PBXBuildFile; fileRef = F18F45DD1E794C4F002C3125 /* VGuidePage.m */; };
		F18F46171E794C4F002C3125 /* VAnswerCell.m in Sources */ = {isa = PBXBuildFile; fileRef = F18F45E01E794C4F002C3125 /* VAnswerCell.m */; };
		F18F46181E794C4F002C3125 /* VHelpCenterController.m in Sources */ = {isa = PBXBuildFile; fileRef = F18F45E21E794C4F002C3125 /* VHelpCenterController.m */; };
		F18F46191E794C4F002C3125 /* VHelpHeaderView.m in Sources */ = {isa = PBXBuildFile; fileRef = F18F45E41E794C4F002C3125 /* VHelpHeaderView.m */; };
		F18F461A1E794C4F002C3125 /* VHelpModel.m in Sources */ = {isa = PBXBuildFile; fileRef = F18F45E61E794C4F002C3125 /* VHelpModel.m */; };
		F18F461B1E794C4F002C3125 /* V2ToolBar.m in Sources */ = {isa = PBXBuildFile; fileRef = F18F45E91E794C4F002C3125 /* V2ToolBar.m */; };
		F18F461C1E794C4F002C3125 /* VScroll1Page.m in Sources */ = {isa = PBXBuildFile; fileRef = F18F45EB1E794C4F002C3125 /* VScroll1Page.m */; };
		F18F461D1E794C4F002C3125 /* VScroll2Page.m in Sources */ = {isa = PBXBuildFile; fileRef = F18F45ED1E794C4F002C3125 /* VScroll2Page.m */; };
		F18F461E1E794C4F002C3125 /* VScrollMenuView.m in Sources */ = {isa = PBXBuildFile; fileRef = F18F45EF1E794C4F002C3125 /* VScrollMenuView.m */; };
		F18F461F1E794C4F002C3125 /* VSlideMenuView.m in Sources */ = {isa = PBXBuildFile; fileRef = F18F45F11E794C4F002C3125 /* VSlideMenuView.m */; };
		F18F46201E794C4F002C3125 /* VToolBar.m in Sources */ = {isa = PBXBuildFile; fileRef = F18F45F31E794C4F002C3125 /* VToolBar.m */; };
		F18F46211E794C4F002C3125 /* b27_icon_star_gray@2x.png in Resources */ = {isa = PBXBuildFile; fileRef = F18F45F51E794C4F002C3125 /* b27_icon_star_gray@2x.png */; };
		F18F46221E794C4F002C3125 /* b27_icon_star_yellow@2x.png in Resources */ = {isa = PBXBuildFile; fileRef = F18F45F61E794C4F002C3125 /* b27_icon_star_yellow@2x.png */; };
		F18F46231E794C4F002C3125 /* StarRatingView.m in Sources */ = {isa = PBXBuildFile; fileRef = F18F45F81E794C4F002C3125 /* StarRatingView.m */; };
		F18F46241E794C4F002C3125 /* V2EffectsButton.m in Sources */ = {isa = PBXBuildFile; fileRef = F18F45FD1E794C4F002C3125 /* V2EffectsButton.m */; };
		F18F46251E794C4F002C3125 /* VEffectsButton.m in Sources */ = {isa = PBXBuildFile; fileRef = F18F45FF1E794C4F002C3125 /* VEffectsButton.m */; };
		F18F46261E794C4F002C3125 /* VExtendTextButton.m in Sources */ = {isa = PBXBuildFile; fileRef = F18F46021E794C4F002C3125 /* VExtendTextButton.m */; };
		F18F46271E794C4F002C3125 /* btn_selected.png in Resources */ = {isa = PBXBuildFile; fileRef = F18F46041E794C4F002C3125 /* btn_selected.png */; };
		F18F46281E794C4F002C3125 /* VerifyCodeButton.m in Sources */ = {isa = PBXBuildFile; fileRef = F18F46061E794C4F002C3125 /* VerifyCodeButton.m */; };
		F18F46291E794C4F002C3125 /* KLSwitch.m in Sources */ = {isa = PBXBuildFile; fileRef = F18F46091E794C4F002C3125 /* KLSwitch.m */; };
		F18F462A1E794C4F002C3125 /* VFlatSwitch.m in Sources */ = {isa = PBXBuildFile; fileRef = F18F460B1E794C4F002C3125 /* VFlatSwitch.m */; };
		F18F462B1E794C4F002C3125 /* VSwitch.m in Sources */ = {isa = PBXBuildFile; fileRef = F18F460D1E794C4F002C3125 /* VSwitch.m */; };
		F18F462C1E794C4F002C3125 /* VTextSwitch.m in Sources */ = {isa = PBXBuildFile; fileRef = F18F460F1E794C4F002C3125 /* VTextSwitch.m */; };
		F18F462D1E794C4F002C3125 /* VVideoPage.m in Sources */ = {isa = PBXBuildFile; fileRef = F18F46121E794C4F002C3125 /* VVideoPage.m */; };
		F18F462E1E794C4F002C3125 /* VVideoPageController.m in Sources */ = {isa = PBXBuildFile; fileRef = F18F46141E794C4F002C3125 /* VVideoPageController.m */; };
		F1B549811DC4D76F0094D543 /* VHttpHelper.m in Sources */ = {isa = PBXBuildFile; fileRef = F1B549801DC4D76F0094D543 /* VHttpHelper.m */; };
		F1BF47671DC0FDD4004FC3A2 /* CartDao.m in Sources */ = {isa = PBXBuildFile; fileRef = F1BF47601DC0FDD4004FC3A2 /* CartDao.m */; };
		F1BF47681DC0FDD4004FC3A2 /* DBHelper.m in Sources */ = {isa = PBXBuildFile; fileRef = F1BF47621DC0FDD4004FC3A2 /* DBHelper.m */; };
		F1BF47691DC0FDD4004FC3A2 /* MyFavouritesDao.m in Sources */ = {isa = PBXBuildFile; fileRef = F1BF47641DC0FDD4004FC3A2 /* MyFavouritesDao.m */; };
		F1C19F9D1DCD9FF60094B88D /* UserEntity.m in Sources */ = {isa = PBXBuildFile; fileRef = F1C19F9C1DCD9FF60094B88D /* UserEntity.m */; };
		F1C19FAD1DCDD1550094B88D /* LoginEntity.m in Sources */ = {isa = PBXBuildFile; fileRef = F1C19FAC1DCDD1550094B88D /* LoginEntity.m */; };
		F1C19FB01DCDD2030094B88D /* RegisterEntity.m in Sources */ = {isa = PBXBuildFile; fileRef = F1C19FAF1DCDD2030094B88D /* RegisterEntity.m */; };
		F1E1A4D51ECAFF3500CDFFB3 /* VHUDHelper.m in Sources */ = {isa = PBXBuildFile; fileRef = F1E1A4D41ECAFF3500CDFFB3 /* VHUDHelper.m */; };
		F1E207ED1E2E0245007F1011 /* StockModel.m in Sources */ = {isa = PBXBuildFile; fileRef = F1E207EC1E2E0245007F1011 /* StockModel.m */; };
		F1E207F01E2E028F007F1011 /* HistoryDao.m in Sources */ = {isa = PBXBuildFile; fileRef = F1E207EF1E2E028F007F1011 /* HistoryDao.m */; };
/* End PBXBuildFile section */

/* Begin PBXFileReference section */
		144D9C831DC3258B00E85E3E /* DataCenter.h */ = {isa = PBXFileReference; fileEncoding = 4; lastKnownFileType = sourcecode.c.h; path = DataCenter.h; sourceTree = "<group>"; };
		144D9C841DC3258B00E85E3E /* DataCenter.m */ = {isa = PBXFileReference; fileEncoding = 4; lastKnownFileType = sourcecode.c.objc; path = DataCenter.m; sourceTree = "<group>"; };
		144D9C851DC3258B00E85E3E /* DataConfig.h */ = {isa = PBXFileReference; fileEncoding = 4; lastKnownFileType = sourcecode.c.h; path = DataConfig.h; sourceTree = "<group>"; };
		144D9C861DC3258B00E85E3E /* DataConfig.m */ = {isa = PBXFileReference; fileEncoding = 4; lastKnownFileType = sourcecode.c.objc; path = DataConfig.m; sourceTree = "<group>"; };
		144D9CA81DC327AE00E85E3E /* VersionHelper.h */ = {isa = PBXFileReference; fileEncoding = 4; lastKnownFileType = sourcecode.c.h; path = VersionHelper.h; sourceTree = "<group>"; };
		144D9CA91DC327AE00E85E3E /* VersionHelper.m */ = {isa = PBXFileReference; fileEncoding = 4; lastKnownFileType = sourcecode.c.objc; path = VersionHelper.m; sourceTree = "<group>"; };
		20D68988668F597D568D1F7A /* Pods-ProjectTools.debug.xcconfig */ = {isa = PBXFileReference; includeInIndex = 1; lastKnownFileType = text.xcconfig; name = "Pods-ProjectTools.debug.xcconfig"; path = "Pods/Target Support Files/Pods-ProjectTools/Pods-ProjectTools.debug.xcconfig"; sourceTree = "<group>"; };
		4CE3C48B49E64606B1473A68 /* Pods-ProjectTools.release.xcconfig */ = {isa = PBXFileReference; includeInIndex = 1; lastKnownFileType = text.xcconfig; name = "Pods-ProjectTools.release.xcconfig"; path = "Pods/Target Support Files/Pods-ProjectTools/Pods-ProjectTools.release.xcconfig"; sourceTree = "<group>"; };
		C13C9F9F8C578144BD63669C /* libPods-ProjectTools.a */ = {isa = PBXFileReference; explicitFileType = archive.ar; includeInIndex = 0; path = "libPods-ProjectTools.a"; sourceTree = BUILT_PRODUCTS_DIR; };
		F13978411E5EB9A600F61495 /* YYFPSLabel.h */ = {isa = PBXFileReference; fileEncoding = 4; lastKnownFileType = sourcecode.c.h; path = YYFPSLabel.h; sourceTree = "<group>"; };
		F13978421E5EB9A600F61495 /* YYFPSLabel.m */ = {isa = PBXFileReference; fileEncoding = 4; lastKnownFileType = sourcecode.c.objc; path = YYFPSLabel.m; sourceTree = "<group>"; };
		F13978431E5EB9A600F61495 /* YYWeakProxy.h */ = {isa = PBXFileReference; fileEncoding = 4; lastKnownFileType = sourcecode.c.h; path = YYWeakProxy.h; sourceTree = "<group>"; };
		F13978441E5EB9A600F61495 /* YYWeakProxy.m */ = {isa = PBXFileReference; fileEncoding = 4; lastKnownFileType = sourcecode.c.objc; path = YYWeakProxy.m; sourceTree = "<group>"; };
		F140DA281DFA628000A89561 /* V2ShowWebViewController.h */ = {isa = PBXFileReference; fileEncoding = 4; lastKnownFileType = sourcecode.c.h; path = V2ShowWebViewController.h; sourceTree = "<group>"; };
		F140DA291DFA628000A89561 /* V2ShowWebViewController.m */ = {isa = PBXFileReference; fileEncoding = 4; lastKnownFileType = sourcecode.c.objc; path = V2ShowWebViewController.m; sourceTree = "<group>"; };
		F140DA4E1DFA9B6F00A89561 /* V2WebViewController.h */ = {isa = PBXFileReference; fileEncoding = 4; lastKnownFileType = sourcecode.c.h; path = V2WebViewController.h; sourceTree = "<group>"; };
		F140DA4F1DFA9B6F00A89561 /* V2WebViewController.m */ = {isa = PBXFileReference; fileEncoding = 4; lastKnownFileType = sourcecode.c.objc; path = V2WebViewController.m; sourceTree = "<group>"; };
		F141FD811E51B31400A26432 /* VEmptyViewHelper.h */ = {isa = PBXFileReference; fileEncoding = 4; lastKnownFileType = sourcecode.c.h; path = VEmptyViewHelper.h; sourceTree = "<group>"; };
		F141FD821E51B31400A26432 /* VEmptyViewHelper.m */ = {isa = PBXFileReference; fileEncoding = 4; lastKnownFileType = sourcecode.c.objc; path = VEmptyViewHelper.m; sourceTree = "<group>"; };
		F141FD841E51B31400A26432 /* VFileHelper.h */ = {isa = PBXFileReference; fileEncoding = 4; lastKnownFileType = sourcecode.c.h; path = VFileHelper.h; sourceTree = "<group>"; };
		F141FD851E51B31400A26432 /* VFileHelper.m */ = {isa = PBXFileReference; fileEncoding = 4; lastKnownFileType = sourcecode.c.objc; path = VFileHelper.m; sourceTree = "<group>"; };
		F141FD871E51B31400A26432 /* VHistoryCell.h */ = {isa = PBXFileReference; fileEncoding = 4; lastKnownFileType = sourcecode.c.h; path = VHistoryCell.h; sourceTree = "<group>"; };
		F141FD881E51B31400A26432 /* VHistoryCell.m */ = {isa = PBXFileReference; fileEncoding = 4; lastKnownFileType = sourcecode.c.objc; path = VHistoryCell.m; sourceTree = "<group>"; };
		F141FD891E51B31400A26432 /* VHistoryHelper.h */ = {isa = PBXFileReference; fileEncoding = 4; lastKnownFileType = sourcecode.c.h; path = VHistoryHelper.h; sourceTree = "<group>"; };
		F141FD8A1E51B31400A26432 /* VHistoryHelper.m */ = {isa = PBXFileReference; fileEncoding = 4; lastKnownFileType = sourcecode.c.objc; path = VHistoryHelper.m; sourceTree = "<group>"; };
		F141FD8F1E51B31400A26432 /* CLLocation+Transform.h */ = {isa = PBXFileReference; fileEncoding = 4; lastKnownFileType = sourcecode.c.h; path = "CLLocation+Transform.h"; sourceTree = "<group>"; };
		F141FD901E51B31400A26432 /* CLLocation+Transform.m */ = {isa = PBXFileReference; fileEncoding = 4; lastKnownFileType = sourcecode.c.objc; path = "CLLocation+Transform.m"; sourceTree = "<group>"; };
		F141FD911E51B31400A26432 /* VLocationHelper.h */ = {isa = PBXFileReference; fileEncoding = 4; lastKnownFileType = sourcecode.c.h; path = VLocationHelper.h; sourceTree = "<group>"; };
		F141FD921E51B31400A26432 /* VLocationHelper.m */ = {isa = PBXFileReference; fileEncoding = 4; lastKnownFileType = sourcecode.c.objc; path = VLocationHelper.m; sourceTree = "<group>"; };
		F144B1071ECD981F002904F8 /* VListController.h */ = {isa = PBXFileReference; fileEncoding = 4; lastKnownFileType = sourcecode.c.h; path = VListController.h; sourceTree = "<group>"; };
		F144B1081ECD981F002904F8 /* VListController.m */ = {isa = PBXFileReference; fileEncoding = 4; lastKnownFileType = sourcecode.c.objc; path = VListController.m; sourceTree = "<group>"; };
		F144B10A1ECD9873002904F8 /* ListRequest.h */ = {isa = PBXFileReference; fileEncoding = 4; lastKnownFileType = sourcecode.c.h; path = ListRequest.h; sourceTree = "<group>"; };
		F144B10B1ECD9873002904F8 /* ListRequest.m */ = {isa = PBXFileReference; fileEncoding = 4; lastKnownFileType = sourcecode.c.objc; path = ListRequest.m; sourceTree = "<group>"; };
		F144B10D1ECD98B8002904F8 /* ReportModel.h */ = {isa = PBXFileReference; fileEncoding = 4; lastKnownFileType = sourcecode.c.h; path = ReportModel.h; sourceTree = "<group>"; };
		F144B10E1ECD98B8002904F8 /* ReportModel.m */ = {isa = PBXFileReference; fileEncoding = 4; lastKnownFileType = sourcecode.c.objc; path = ReportModel.m; sourceTree = "<group>"; };
		F144B10F1ECD98B8002904F8 /* ReportTableCell.h */ = {isa = PBXFileReference; fileEncoding = 4; lastKnownFileType = sourcecode.c.h; path = ReportTableCell.h; sourceTree = "<group>"; };
		F144B1101ECD98B8002904F8 /* ReportTableCell.m */ = {isa = PBXFileReference; fileEncoding = 4; lastKnownFileType = sourcecode.c.objc; path = ReportTableCell.m; sourceTree = "<group>"; };
		F147929A1E76911200237963 /* VScrollMenuShowController.h */ = {isa = PBXFileReference; fileEncoding = 4; lastKnownFileType = sourcecode.c.h; path = VScrollMenuShowController.h; sourceTree = "<group>"; };
		F147929B1E76911200237963 /* VScrollMenuShowController.m */ = {isa = PBXFileReference; fileEncoding = 4; lastKnownFileType = sourcecode.c.objc; path = VScrollMenuShowController.m; sourceTree = "<group>"; };
		F147929C1E76911200237963 /* VScrollPageShowController.h */ = {isa = PBXFileReference; fileEncoding = 4; lastKnownFileType = sourcecode.c.h; path = VScrollPageShowController.h; sourceTree = "<group>"; };
		F147929D1E76911200237963 /* VScrollPageShowController.m */ = {isa = PBXFileReference; fileEncoding = 4; lastKnownFileType = sourcecode.c.objc; path = VScrollPageShowController.m; sourceTree = "<group>"; };
		F14792A01E76913F00237963 /* VScroll1PageController.h */ = {isa = PBXFileReference; fileEncoding = 4; lastKnownFileType = sourcecode.c.h; path = VScroll1PageController.h; sourceTree = "<group>"; };
		F14792A11E76913F00237963 /* VScroll1PageController.m */ = {isa = PBXFileReference; fileEncoding = 4; lastKnownFileType = sourcecode.c.objc; path = VScroll1PageController.m; sourceTree = "<group>"; };
		F14792A21E76913F00237963 /* VScroll2PageController.h */ = {isa = PBXFileReference; fileEncoding = 4; lastKnownFileType = sourcecode.c.h; path = VScroll2PageController.h; sourceTree = "<group>"; };
		F14792A31E76913F00237963 /* VScroll2PageController.m */ = {isa = PBXFileReference; fileEncoding = 4; lastKnownFileType = sourcecode.c.objc; path = VScroll2PageController.m; sourceTree = "<group>"; };
		F14792A91E76952F00237963 /* ExampleViewController.h */ = {isa = PBXFileReference; fileEncoding = 4; lastKnownFileType = sourcecode.c.h; path = ExampleViewController.h; sourceTree = "<group>"; };
		F14792AA1E76952F00237963 /* ExampleViewController.m */ = {isa = PBXFileReference; fileEncoding = 4; lastKnownFileType = sourcecode.c.objc; path = ExampleViewController.m; sourceTree = "<group>"; };
		F14792AB1E76952F00237963 /* VScrollMenuController.h */ = {isa = PBXFileReference; fileEncoding = 4; lastKnownFileType = sourcecode.c.h; path = VScrollMenuController.h; sourceTree = "<group>"; };
		F14792AC1E76952F00237963 /* VScrollMenuController.m */ = {isa = PBXFileReference; fileEncoding = 4; lastKnownFileType = sourcecode.c.objc; path = VScrollMenuController.m; sourceTree = "<group>"; };
		F14792AF1E76969600237963 /* UIView+VAdd.h */ = {isa = PBXFileReference; fileEncoding = 4; lastKnownFileType = sourcecode.c.h; path = "UIView+VAdd.h"; sourceTree = "<group>"; };
		F14792B01E76969600237963 /* UIView+VAdd.m */ = {isa = PBXFileReference; fileEncoding = 4; lastKnownFileType = sourcecode.c.objc; path = "UIView+VAdd.m"; sourceTree = "<group>"; };
		F14822311DE5C5AD000A5FC6 /* NSData+Common.h */ = {isa = PBXFileReference; fileEncoding = 4; lastKnownFileType = sourcecode.c.h; path = "NSData+Common.h"; sourceTree = "<group>"; };
		F14822321DE5C5AD000A5FC6 /* NSData+Common.m */ = {isa = PBXFileReference; fileEncoding = 4; lastKnownFileType = sourcecode.c.objc; path = "NSData+Common.m"; sourceTree = "<group>"; };
		F14822331DE5C5AD000A5FC6 /* NSDictionary+VAdd.h */ = {isa = PBXFileReference; fileEncoding = 4; lastKnownFileType = sourcecode.c.h; path = "NSDictionary+VAdd.h"; sourceTree = "<group>"; };
		F14822341DE5C5AD000A5FC6 /* NSDictionary+VAdd.m */ = {isa = PBXFileReference; fileEncoding = 4; lastKnownFileType = sourcecode.c.objc; path = "NSDictionary+VAdd.m"; sourceTree = "<group>"; };
		F14822351DE5C5AD000A5FC6 /* NSObject+VAdd.h */ = {isa = PBXFileReference; fileEncoding = 4; lastKnownFileType = sourcecode.c.h; path = "NSObject+VAdd.h"; sourceTree = "<group>"; };
		F14822361DE5C5AD000A5FC6 /* NSObject+VAdd.m */ = {isa = PBXFileReference; fileEncoding = 4; lastKnownFileType = sourcecode.c.objc; path = "NSObject+VAdd.m"; sourceTree = "<group>"; };
		F14822371DE5C5AD000A5FC6 /* NSString+VAdd.h */ = {isa = PBXFileReference; fileEncoding = 4; lastKnownFileType = sourcecode.c.h; path = "NSString+VAdd.h"; sourceTree = "<group>"; };
		F14822381DE5C5AD000A5FC6 /* NSString+VAdd.m */ = {isa = PBXFileReference; fileEncoding = 4; lastKnownFileType = sourcecode.c.objc; path = "NSString+VAdd.m"; sourceTree = "<group>"; };
		F14822391DE5C5AD000A5FC6 /* UIColor+VAdd.h */ = {isa = PBXFileReference; fileEncoding = 4; lastKnownFileType = sourcecode.c.h; path = "UIColor+VAdd.h"; sourceTree = "<group>"; };
		F148223A1DE5C5AD000A5FC6 /* UIColor+VAdd.m */ = {isa = PBXFileReference; fileEncoding = 4; lastKnownFileType = sourcecode.c.objc; path = "UIColor+VAdd.m"; sourceTree = "<group>"; };
		F148223B1DE5C5AD000A5FC6 /* UIDevice+VAdd.h */ = {isa = PBXFileReference; fileEncoding = 4; lastKnownFileType = sourcecode.c.h; path = "UIDevice+VAdd.h"; sourceTree = "<group>"; };
		F148223C1DE5C5AD000A5FC6 /* UIDevice+VAdd.m */ = {isa = PBXFileReference; fileEncoding = 4; lastKnownFileType = sourcecode.c.objc; path = "UIDevice+VAdd.m"; sourceTree = "<group>"; };
		F148223D1DE5C5AD000A5FC6 /* UIImage+VAdd.h */ = {isa = PBXFileReference; fileEncoding = 4; lastKnownFileType = sourcecode.c.h; path = "UIImage+VAdd.h"; sourceTree = "<group>"; };
		F148223E1DE5C5AD000A5FC6 /* UIImage+VAdd.m */ = {isa = PBXFileReference; fileEncoding = 4; lastKnownFileType = sourcecode.c.objc; path = "UIImage+VAdd.m"; sourceTree = "<group>"; };
		F148223F1DE5C5AD000A5FC6 /* UILabel+Common.h */ = {isa = PBXFileReference; fileEncoding = 4; lastKnownFileType = sourcecode.c.h; path = "UILabel+Common.h"; sourceTree = "<group>"; };
		F14822401DE5C5AD000A5FC6 /* UILabel+Common.m */ = {isa = PBXFileReference; fileEncoding = 4; lastKnownFileType = sourcecode.c.objc; path = "UILabel+Common.m"; sourceTree = "<group>"; };
		F14822421DE5C5AD000A5FC6 /* UIViewController+VTransAnimation.h */ = {isa = PBXFileReference; fileEncoding = 4; lastKnownFileType = sourcecode.c.h; path = "UIViewController+VTransAnimation.h"; sourceTree = "<group>"; };
		F14822431DE5C5AD000A5FC6 /* UIViewController+VTransAnimation.m */ = {isa = PBXFileReference; fileEncoding = 4; lastKnownFileType = sourcecode.c.objc; path = "UIViewController+VTransAnimation.m"; sourceTree = "<group>"; };
		F148225F1DE5C5AD000A5FC6 /* APPHelper.h */ = {isa = PBXFileReference; fileEncoding = 4; lastKnownFileType = sourcecode.c.h; path = APPHelper.h; sourceTree = "<group>"; };
		F14822601DE5C5AD000A5FC6 /* APPHelper.m */ = {isa = PBXFileReference; fileEncoding = 4; lastKnownFileType = sourcecode.c.objc; path = APPHelper.m; sourceTree = "<group>"; };
		F14822611DE5C5AD000A5FC6 /* FontHelper.h */ = {isa = PBXFileReference; fileEncoding = 4; lastKnownFileType = sourcecode.c.h; path = FontHelper.h; sourceTree = "<group>"; };
		F14822621DE5C5AD000A5FC6 /* FontHelper.m */ = {isa = PBXFileReference; fileEncoding = 4; lastKnownFileType = sourcecode.c.objc; path = FontHelper.m; sourceTree = "<group>"; };
		F14822631DE5C5AD000A5FC6 /* JSONHelper.h */ = {isa = PBXFileReference; fileEncoding = 4; lastKnownFileType = sourcecode.c.h; path = JSONHelper.h; sourceTree = "<group>"; };
		F14822641DE5C5AD000A5FC6 /* JSONHelper.m */ = {isa = PBXFileReference; fileEncoding = 4; lastKnownFileType = sourcecode.c.objc; path = JSONHelper.m; sourceTree = "<group>"; };
		F14822651DE5C5AD000A5FC6 /* VDateTools.h */ = {isa = PBXFileReference; fileEncoding = 4; lastKnownFileType = sourcecode.c.h; path = VDateTools.h; sourceTree = "<group>"; };
		F14822661DE5C5AD000A5FC6 /* VDateTools.m */ = {isa = PBXFileReference; fileEncoding = 4; lastKnownFileType = sourcecode.c.objc; path = VDateTools.m; sourceTree = "<group>"; };
		F14822E91DEBDA35000A5FC6 /* VGCDTimer.h */ = {isa = PBXFileReference; fileEncoding = 4; lastKnownFileType = sourcecode.c.h; path = VGCDTimer.h; sourceTree = "<group>"; };
		F14822EA1DEBDA35000A5FC6 /* VGCDTimer.m */ = {isa = PBXFileReference; fileEncoding = 4; lastKnownFileType = sourcecode.c.objc; path = VGCDTimer.m; sourceTree = "<group>"; };
		F14823E51DEE9CE3000A5FC6 /* VUIHelper.h */ = {isa = PBXFileReference; fileEncoding = 4; lastKnownFileType = sourcecode.c.h; path = VUIHelper.h; sourceTree = "<group>"; };
		F14823E61DEE9CE3000A5FC6 /* VUIHelper.m */ = {isa = PBXFileReference; fileEncoding = 4; lastKnownFileType = sourcecode.c.objc; path = VUIHelper.m; sourceTree = "<group>"; };
		F14823ED1DEEAF6E000A5FC6 /* UIColor+Project.h */ = {isa = PBXFileReference; fileEncoding = 4; lastKnownFileType = sourcecode.c.h; path = "UIColor+Project.h"; sourceTree = "<group>"; };
		F14823EE1DEEAF6E000A5FC6 /* UIColor+Project.m */ = {isa = PBXFileReference; fileEncoding = 4; lastKnownFileType = sourcecode.c.objc; path = "UIColor+Project.m"; sourceTree = "<group>"; };
		F14CFFBD1E39C67200EF8AA1 /* Login.storyboard */ = {isa = PBXFileReference; fileEncoding = 4; lastKnownFileType = file.storyboard; path = Login.storyboard; sourceTree = "<group>"; };
		F14CFFBF1E39C6D100EF8AA1 /* RegisterViewController.h */ = {isa = PBXFileReference; fileEncoding = 4; lastKnownFileType = sourcecode.c.h; path = RegisterViewController.h; sourceTree = "<group>"; };
		F14CFFC01E39C6D100EF8AA1 /* RegisterViewController.m */ = {isa = PBXFileReference; fileEncoding = 4; lastKnownFileType = sourcecode.c.objc; path = RegisterViewController.m; sourceTree = "<group>"; };
		F14CFFC41E39CBED00EF8AA1 /* LoginRequest.h */ = {isa = PBXFileReference; fileEncoding = 4; lastKnownFileType = sourcecode.c.h; path = LoginRequest.h; sourceTree = "<group>"; };
		F14CFFC51E39CBED00EF8AA1 /* LoginRequest.m */ = {isa = PBXFileReference; fileEncoding = 4; lastKnownFileType = sourcecode.c.objc; path = LoginRequest.m; sourceTree = "<group>"; };
		F14CFFC71E39CEA200EF8AA1 /* AccountRequest.h */ = {isa = PBXFileReference; fileEncoding = 4; lastKnownFileType = sourcecode.c.h; path = AccountRequest.h; sourceTree = "<group>"; };
		F14CFFC81E39CEA200EF8AA1 /* AccountRequest.m */ = {isa = PBXFileReference; fileEncoding = 4; lastKnownFileType = sourcecode.c.objc; path = AccountRequest.m; sourceTree = "<group>"; };
		F15342CA1DF10C7800B56089 /* VBase1ViewController.h */ = {isa = PBXFileReference; fileEncoding = 4; lastKnownFileType = sourcecode.c.h; path = VBase1ViewController.h; sourceTree = "<group>"; };
		F15342CB1DF10C7800B56089 /* VBase1ViewController.m */ = {isa = PBXFileReference; fileEncoding = 4; lastKnownFileType = sourcecode.c.objc; path = VBase1ViewController.m; sourceTree = "<group>"; };
		F15342CC1DF10C7800B56089 /* VBaseAppDelegate.h */ = {isa = PBXFileReference; fileEncoding = 4; lastKnownFileType = sourcecode.c.h; path = VBaseAppDelegate.h; sourceTree = "<group>"; };
		F15342CD1DF10C7800B56089 /* VBaseAppDelegate.m */ = {isa = PBXFileReference; fileEncoding = 4; lastKnownFileType = sourcecode.c.objc; path = VBaseAppDelegate.m; sourceTree = "<group>"; };
		F15342CE1DF10C7800B56089 /* VBaseNavigationController.h */ = {isa = PBXFileReference; fileEncoding = 4; lastKnownFileType = sourcecode.c.h; path = VBaseNavigationController.h; sourceTree = "<group>"; };
		F15342CF1DF10C7800B56089 /* VBaseNavigationController.m */ = {isa = PBXFileReference; fileEncoding = 4; lastKnownFileType = sourcecode.c.objc; path = VBaseNavigationController.m; sourceTree = "<group>"; };
		F15342D01DF10C7800B56089 /* VShowWeb1Controller.h */ = {isa = PBXFileReference; fileEncoding = 4; lastKnownFileType = sourcecode.c.h; path = VShowWeb1Controller.h; sourceTree = "<group>"; };
		F15342D11DF10C7800B56089 /* VShowWeb1Controller.m */ = {isa = PBXFileReference; fileEncoding = 4; lastKnownFileType = sourcecode.c.objc; path = VShowWeb1Controller.m; sourceTree = "<group>"; };
		F15DA13F1E568C2E00D35F38 /* qidong.mp4 */ = {isa = PBXFileReference; lastKnownFileType = file; path = qidong.mp4; sourceTree = "<group>"; };
		F15DA1571E56A69500D35F38 /* MainTabBarController.h */ = {isa = PBXFileReference; fileEncoding = 4; lastKnownFileType = sourcecode.c.h; path = MainTabBarController.h; sourceTree = "<group>"; };
		F15DA1581E56A69500D35F38 /* MainTabBarController.m */ = {isa = PBXFileReference; fileEncoding = 4; lastKnownFileType = sourcecode.c.objc; path = MainTabBarController.m; sourceTree = "<group>"; };
		F15DA1591E56A69500D35F38 /* V2MainTabBarController.h */ = {isa = PBXFileReference; fileEncoding = 4; lastKnownFileType = sourcecode.c.h; path = V2MainTabBarController.h; sourceTree = "<group>"; };
		F15DA15A1E56A69500D35F38 /* V2MainTabBarController.m */ = {isa = PBXFileReference; fileEncoding = 4; lastKnownFileType = sourcecode.c.objc; path = V2MainTabBarController.m; sourceTree = "<group>"; };
		F15DA17E1E56C76C00D35F38 /* VSearchViewController.h */ = {isa = PBXFileReference; fileEncoding = 4; lastKnownFileType = sourcecode.c.h; path = VSearchViewController.h; sourceTree = "<group>"; };
		F15DA17F1E56C76C00D35F38 /* VSearchViewController.m */ = {isa = PBXFileReference; fileEncoding = 4; lastKnownFileType = sourcecode.c.objc; path = VSearchViewController.m; sourceTree = "<group>"; };
		F15DA1811E56C76C00D35F38 /* VTitleCCell.h */ = {isa = PBXFileReference; fileEncoding = 4; lastKnownFileType = sourcecode.c.h; path = VTitleCCell.h; sourceTree = "<group>"; };
		F15DA1821E56C76C00D35F38 /* VTitleCCell.m */ = {isa = PBXFileReference; fileEncoding = 4; lastKnownFileType = sourcecode.c.objc; path = VTitleCCell.m; sourceTree = "<group>"; };
		F15DA18E1E56D0EA00D35F38 /* TabBar1stController.h */ = {isa = PBXFileReference; fileEncoding = 4; lastKnownFileType = sourcecode.c.h; path = TabBar1stController.h; sourceTree = "<group>"; };
		F15DA18F1E56D0EA00D35F38 /* TabBar1stController.m */ = {isa = PBXFileReference; fileEncoding = 4; lastKnownFileType = sourcecode.c.objc; path = TabBar1stController.m; sourceTree = "<group>"; };
		F15DA1911E56D0F500D35F38 /* TabBar2stController.h */ = {isa = PBXFileReference; fileEncoding = 4; lastKnownFileType = sourcecode.c.h; path = TabBar2stController.h; sourceTree = "<group>"; };
		F15DA1921E56D0F500D35F38 /* TabBar2stController.m */ = {isa = PBXFileReference; fileEncoding = 4; lastKnownFileType = sourcecode.c.objc; path = TabBar2stController.m; sourceTree = "<group>"; };
		F15DA1941E56D0FD00D35F38 /* TabBar3stController.h */ = {isa = PBXFileReference; fileEncoding = 4; lastKnownFileType = sourcecode.c.h; path = TabBar3stController.h; sourceTree = "<group>"; };
		F15DA1951E56D0FD00D35F38 /* TabBar3stController.m */ = {isa = PBXFileReference; fileEncoding = 4; lastKnownFileType = sourcecode.c.objc; path = TabBar3stController.m; sourceTree = "<group>"; };
		F15DA1981E56F08B00D35F38 /* VariousAnimationController.h */ = {isa = PBXFileReference; fileEncoding = 4; lastKnownFileType = sourcecode.c.h; path = VariousAnimationController.h; sourceTree = "<group>"; };
		F15DA1991E56F08B00D35F38 /* VariousAnimationController.m */ = {isa = PBXFileReference; fileEncoding = 4; lastKnownFileType = sourcecode.c.objc; path = VariousAnimationController.m; sourceTree = "<group>"; };
		F15DA19B1E56F0AF00D35F38 /* VariousButtonController.h */ = {isa = PBXFileReference; fileEncoding = 4; lastKnownFileType = sourcecode.c.h; path = VariousButtonController.h; sourceTree = "<group>"; };
		F15DA19C1E56F0AF00D35F38 /* VariousButtonController.m */ = {isa = PBXFileReference; fileEncoding = 4; lastKnownFileType = sourcecode.c.objc; path = VariousButtonController.m; sourceTree = "<group>"; };
		F15DA19D1E56F0AF00D35F38 /* VariousSwitchController.h */ = {isa = PBXFileReference; fileEncoding = 4; lastKnownFileType = sourcecode.c.h; path = VariousSwitchController.h; sourceTree = "<group>"; };
		F15DA19E1E56F0AF00D35F38 /* VariousSwitchController.m */ = {isa = PBXFileReference; fileEncoding = 4; lastKnownFileType = sourcecode.c.objc; path = VariousSwitchController.m; sourceTree = "<group>"; };
		F160F08A1DC74E980053E731 /* APPConfig.h */ = {isa = PBXFileReference; fileEncoding = 4; lastKnownFileType = sourcecode.c.h; path = APPConfig.h; sourceTree = "<group>"; };
		F160F08B1DC74EC50053E731 /* HttpConst.h */ = {isa = PBXFileReference; fileEncoding = 4; lastKnownFileType = sourcecode.c.h; path = HttpConst.h; sourceTree = "<group>"; };
		F160F0931DC750140053E731 /* AlipayManager.h */ = {isa = PBXFileReference; fileEncoding = 4; lastKnownFileType = sourcecode.c.h; path = AlipayManager.h; sourceTree = "<group>"; };
		F160F0941DC750140053E731 /* AlipayManager.m */ = {isa = PBXFileReference; fileEncoding = 4; lastKnownFileType = sourcecode.c.objc; path = AlipayManager.m; sourceTree = "<group>"; };
		F160F0961DC7504D0053E731 /* BaiduPayManager.h */ = {isa = PBXFileReference; fileEncoding = 4; lastKnownFileType = sourcecode.c.h; path = BaiduPayManager.h; sourceTree = "<group>"; };
		F160F0971DC7504D0053E731 /* BaiduPayManager.m */ = {isa = PBXFileReference; fileEncoding = 4; lastKnownFileType = sourcecode.c.objc; path = BaiduPayManager.m; sourceTree = "<group>"; };
		F160F0981DC7504D0053E731 /* CMBPayManager.h */ = {isa = PBXFileReference; fileEncoding = 4; lastKnownFileType = sourcecode.c.h; path = CMBPayManager.h; sourceTree = "<group>"; };
		F160F0991DC7504D0053E731 /* CMBPayManager.m */ = {isa = PBXFileReference; fileEncoding = 4; lastKnownFileType = sourcecode.c.objc; path = CMBPayManager.m; sourceTree = "<group>"; };
		F160F09A1DC7504D0053E731 /* WXPayManager.h */ = {isa = PBXFileReference; fileEncoding = 4; lastKnownFileType = sourcecode.c.h; path = WXPayManager.h; sourceTree = "<group>"; };
		F160F09B1DC7504D0053E731 /* WXPayManager.m */ = {isa = PBXFileReference; fileEncoding = 4; lastKnownFileType = sourcecode.c.objc; path = WXPayManager.m; sourceTree = "<group>"; };
		F160F10F1DC7740C0053E731 /* LoginViewController.h */ = {isa = PBXFileReference; fileEncoding = 4; lastKnownFileType = sourcecode.c.h; path = LoginViewController.h; sourceTree = "<group>"; };
		F160F1101DC7740C0053E731 /* LoginViewController.m */ = {isa = PBXFileReference; fileEncoding = 4; lastKnownFileType = sourcecode.c.objc; path = LoginViewController.m; sourceTree = "<group>"; };
		F160F1151DC780E90053E731 /* VCacheHelper.h */ = {isa = PBXFileReference; fileEncoding = 4; lastKnownFileType = sourcecode.c.h; path = VCacheHelper.h; sourceTree = "<group>"; };
		F160F1161DC780E90053E731 /* VCacheHelper.m */ = {isa = PBXFileReference; fileEncoding = 4; lastKnownFileType = sourcecode.c.objc; path = VCacheHelper.m; sourceTree = "<group>"; };
		F17A8CFE1DBEF81500C18971 /* ProjectTools.app */ = {isa = PBXFileReference; explicitFileType = wrapper.application; includeInIndex = 0; path = ProjectTools.app; sourceTree = BUILT_PRODUCTS_DIR; };
		F17A8D021DBEF81500C18971 /* main.m */ = {isa = PBXFileReference; lastKnownFileType = sourcecode.c.objc; path = main.m; sourceTree = "<group>"; };
		F17A8D0B1DBEF81500C18971 /* Base */ = {isa = PBXFileReference; lastKnownFileType = file.storyboard; name = Base; path = Base.lproj/Main.storyboard; sourceTree = "<group>"; };
		F17A8D0D1DBEF81500C18971 /* Assets.xcassets */ = {isa = PBXFileReference; lastKnownFileType = folder.assetcatalog; path = Assets.xcassets; sourceTree = "<group>"; };
		F17A8D101DBEF81500C18971 /* Base */ = {isa = PBXFileReference; lastKnownFileType = file.storyboard; name = Base; path = Base.lproj/LaunchScreen.storyboard; sourceTree = "<group>"; };
		F17A8D121DBEF81500C18971 /* Info.plist */ = {isa = PBXFileReference; lastKnownFileType = text.plist.xml; path = Info.plist; sourceTree = "<group>"; };
		F17A8D191DBEF88C00C18971 /* AppDelegate.h */ = {isa = PBXFileReference; fileEncoding = 4; lastKnownFileType = sourcecode.c.h; path = AppDelegate.h; sourceTree = "<group>"; };
		F17A8D1A1DBEF88C00C18971 /* AppDelegate.m */ = {isa = PBXFileReference; fileEncoding = 4; lastKnownFileType = sourcecode.c.objc; path = AppDelegate.m; sourceTree = "<group>"; };
		F17A8D1B1DBEF88C00C18971 /* Constant.h */ = {isa = PBXFileReference; fileEncoding = 4; lastKnownFileType = sourcecode.c.h; path = Constant.h; sourceTree = "<group>"; };
		F17A8D431DBEF88C00C18971 /* PrefixHeader.pch */ = {isa = PBXFileReference; fileEncoding = 4; lastKnownFileType = sourcecode.c.h; path = PrefixHeader.pch; sourceTree = "<group>"; };
		F18F45D91E794C4F002C3125 /* VLaunchAdPage.h */ = {isa = PBXFileReference; fileEncoding = 4; lastKnownFileType = sourcecode.c.h; path = VLaunchAdPage.h; sourceTree = "<group>"; };
		F18F45DA1E794C4F002C3125 /* VLaunchAdPage.m */ = {isa = PBXFileReference; fileEncoding = 4; lastKnownFileType = sourcecode.c.objc; path = VLaunchAdPage.m; sourceTree = "<group>"; };
		F18F45DC1E794C4F002C3125 /* VGuidePage.h */ = {isa = PBXFileReference; fileEncoding = 4; lastKnownFileType = sourcecode.c.h; path = VGuidePage.h; sourceTree = "<group>"; };
		F18F45DD1E794C4F002C3125 /* VGuidePage.m */ = {isa = PBXFileReference; fileEncoding = 4; lastKnownFileType = sourcecode.c.objc; path = VGuidePage.m; sourceTree = "<group>"; };
		F18F45DF1E794C4F002C3125 /* VAnswerCell.h */ = {isa = PBXFileReference; fileEncoding = 4; lastKnownFileType = sourcecode.c.h; path = VAnswerCell.h; sourceTree = "<group>"; };
		F18F45E01E794C4F002C3125 /* VAnswerCell.m */ = {isa = PBXFileReference; fileEncoding = 4; lastKnownFileType = sourcecode.c.objc; path = VAnswerCell.m; sourceTree = "<group>"; };
		F18F45E11E794C4F002C3125 /* VHelpCenterController.h */ = {isa = PBXFileReference; fileEncoding = 4; lastKnownFileType = sourcecode.c.h; path = VHelpCenterController.h; sourceTree = "<group>"; };
		F18F45E21E794C4F002C3125 /* VHelpCenterController.m */ = {isa = PBXFileReference; fileEncoding = 4; lastKnownFileType = sourcecode.c.objc; path = VHelpCenterController.m; sourceTree = "<group>"; };
		F18F45E31E794C4F002C3125 /* VHelpHeaderView.h */ = {isa = PBXFileReference; fileEncoding = 4; lastKnownFileType = sourcecode.c.h; path = VHelpHeaderView.h; sourceTree = "<group>"; };
		F18F45E41E794C4F002C3125 /* VHelpHeaderView.m */ = {isa = PBXFileReference; fileEncoding = 4; lastKnownFileType = sourcecode.c.objc; path = VHelpHeaderView.m; sourceTree = "<group>"; };
		F18F45E51E794C4F002C3125 /* VHelpModel.h */ = {isa = PBXFileReference; fileEncoding = 4; lastKnownFileType = sourcecode.c.h; path = VHelpModel.h; sourceTree = "<group>"; };
		F18F45E61E794C4F002C3125 /* VHelpModel.m */ = {isa = PBXFileReference; fileEncoding = 4; lastKnownFileType = sourcecode.c.objc; path = VHelpModel.m; sourceTree = "<group>"; };
		F18F45E81E794C4F002C3125 /* V2ToolBar.h */ = {isa = PBXFileReference; fileEncoding = 4; lastKnownFileType = sourcecode.c.h; path = V2ToolBar.h; sourceTree = "<group>"; };
		F18F45E91E794C4F002C3125 /* V2ToolBar.m */ = {isa = PBXFileReference; fileEncoding = 4; lastKnownFileType = sourcecode.c.objc; path = V2ToolBar.m; sourceTree = "<group>"; };
		F18F45EA1E794C4F002C3125 /* VScroll1Page.h */ = {isa = PBXFileReference; fileEncoding = 4; lastKnownFileType = sourcecode.c.h; path = VScroll1Page.h; sourceTree = "<group>"; };
		F18F45EB1E794C4F002C3125 /* VScroll1Page.m */ = {isa = PBXFileReference; fileEncoding = 4; lastKnownFileType = sourcecode.c.objc; path = VScroll1Page.m; sourceTree = "<group>"; };
		F18F45EC1E794C4F002C3125 /* VScroll2Page.h */ = {isa = PBXFileReference; fileEncoding = 4; lastKnownFileType = sourcecode.c.h; path = VScroll2Page.h; sourceTree = "<group>"; };
		F18F45ED1E794C4F002C3125 /* VScroll2Page.m */ = {isa = PBXFileReference; fileEncoding = 4; lastKnownFileType = sourcecode.c.objc; path = VScroll2Page.m; sourceTree = "<group>"; };
		F18F45EE1E794C4F002C3125 /* VScrollMenuView.h */ = {isa = PBXFileReference; fileEncoding = 4; lastKnownFileType = sourcecode.c.h; path = VScrollMenuView.h; sourceTree = "<group>"; };
		F18F45EF1E794C4F002C3125 /* VScrollMenuView.m */ = {isa = PBXFileReference; fileEncoding = 4; lastKnownFileType = sourcecode.c.objc; path = VScrollMenuView.m; sourceTree = "<group>"; };
		F18F45F01E794C4F002C3125 /* VSlideMenuView.h */ = {isa = PBXFileReference; fileEncoding = 4; lastKnownFileType = sourcecode.c.h; path = VSlideMenuView.h; sourceTree = "<group>"; };
		F18F45F11E794C4F002C3125 /* VSlideMenuView.m */ = {isa = PBXFileReference; fileEncoding = 4; lastKnownFileType = sourcecode.c.objc; path = VSlideMenuView.m; sourceTree = "<group>"; };
		F18F45F21E794C4F002C3125 /* VToolBar.h */ = {isa = PBXFileReference; fileEncoding = 4; lastKnownFileType = sourcecode.c.h; path = VToolBar.h; sourceTree = "<group>"; };
		F18F45F31E794C4F002C3125 /* VToolBar.m */ = {isa = PBXFileReference; fileEncoding = 4; lastKnownFileType = sourcecode.c.objc; path = VToolBar.m; sourceTree = "<group>"; };
		F18F45F51E794C4F002C3125 /* b27_icon_star_gray@2x.png */ = {isa = PBXFileReference; lastKnownFileType = image.png; path = "b27_icon_star_gray@2x.png"; sourceTree = "<group>"; };
		F18F45F61E794C4F002C3125 /* b27_icon_star_yellow@2x.png */ = {isa = PBXFileReference; lastKnownFileType = image.png; path = "b27_icon_star_yellow@2x.png"; sourceTree = "<group>"; };
		F18F45F71E794C4F002C3125 /* StarRatingView.h */ = {isa = PBXFileReference; fileEncoding = 4; lastKnownFileType = sourcecode.c.h; path = StarRatingView.h; sourceTree = "<group>"; };
		F18F45F81E794C4F002C3125 /* StarRatingView.m */ = {isa = PBXFileReference; fileEncoding = 4; lastKnownFileType = sourcecode.c.objc; path = StarRatingView.m; sourceTree = "<group>"; };
		F18F45FC1E794C4F002C3125 /* V2EffectsButton.h */ = {isa = PBXFileReference; fileEncoding = 4; lastKnownFileType = sourcecode.c.h; path = V2EffectsButton.h; sourceTree = "<group>"; };
		F18F45FD1E794C4F002C3125 /* V2EffectsButton.m */ = {isa = PBXFileReference; fileEncoding = 4; lastKnownFileType = sourcecode.c.objc; path = V2EffectsButton.m; sourceTree = "<group>"; };
		F18F45FE1E794C4F002C3125 /* VEffectsButton.h */ = {isa = PBXFileReference; fileEncoding = 4; lastKnownFileType = sourcecode.c.h; path = VEffectsButton.h; sourceTree = "<group>"; };
		F18F45FF1E794C4F002C3125 /* VEffectsButton.m */ = {isa = PBXFileReference; fileEncoding = 4; lastKnownFileType = sourcecode.c.objc; path = VEffectsButton.m; sourceTree = "<group>"; };
		F18F46011E794C4F002C3125 /* VExtendTextButton.h */ = {isa = PBXFileReference; fileEncoding = 4; lastKnownFileType = sourcecode.c.h; path = VExtendTextButton.h; sourceTree = "<group>"; };
		F18F46021E794C4F002C3125 /* VExtendTextButton.m */ = {isa = PBXFileReference; fileEncoding = 4; lastKnownFileType = sourcecode.c.objc; path = VExtendTextButton.m; sourceTree = "<group>"; };
		F18F46041E794C4F002C3125 /* btn_selected.png */ = {isa = PBXFileReference; lastKnownFileType = image.png; path = btn_selected.png; sourceTree = "<group>"; };
		F18F46051E794C4F002C3125 /* VerifyCodeButton.h */ = {isa = PBXFileReference; fileEncoding = 4; lastKnownFileType = sourcecode.c.h; path = VerifyCodeButton.h; sourceTree = "<group>"; };
		F18F46061E794C4F002C3125 /* VerifyCodeButton.m */ = {isa = PBXFileReference; fileEncoding = 4; lastKnownFileType = sourcecode.c.objc; path = VerifyCodeButton.m; sourceTree = "<group>"; };
		F18F46081E794C4F002C3125 /* KLSwitch.h */ = {isa = PBXFileReference; fileEncoding = 4; lastKnownFileType = sourcecode.c.h; path = KLSwitch.h; sourceTree = "<group>"; };
		F18F46091E794C4F002C3125 /* KLSwitch.m */ = {isa = PBXFileReference; fileEncoding = 4; lastKnownFileType = sourcecode.c.objc; path = KLSwitch.m; sourceTree = "<group>"; };
		F18F460A1E794C4F002C3125 /* VFlatSwitch.h */ = {isa = PBXFileReference; fileEncoding = 4; lastKnownFileType = sourcecode.c.h; path = VFlatSwitch.h; sourceTree = "<group>"; };
		F18F460B1E794C4F002C3125 /* VFlatSwitch.m */ = {isa = PBXFileReference; fileEncoding = 4; lastKnownFileType = sourcecode.c.objc; path = VFlatSwitch.m; sourceTree = "<group>"; };
		F18F460C1E794C4F002C3125 /* VSwitch.h */ = {isa = PBXFileReference; fileEncoding = 4; lastKnownFileType = sourcecode.c.h; path = VSwitch.h; sourceTree = "<group>"; };
		F18F460D1E794C4F002C3125 /* VSwitch.m */ = {isa = PBXFileReference; fileEncoding = 4; lastKnownFileType = sourcecode.c.objc; path = VSwitch.m; sourceTree = "<group>"; };
		F18F460E1E794C4F002C3125 /* VTextSwitch.h */ = {isa = PBXFileReference; fileEncoding = 4; lastKnownFileType = sourcecode.c.h; path = VTextSwitch.h; sourceTree = "<group>"; };
		F18F460F1E794C4F002C3125 /* VTextSwitch.m */ = {isa = PBXFileReference; fileEncoding = 4; lastKnownFileType = sourcecode.c.objc; path = VTextSwitch.m; sourceTree = "<group>"; };
		F18F46111E794C4F002C3125 /* VVideoPage.h */ = {isa = PBXFileReference; fileEncoding = 4; lastKnownFileType = sourcecode.c.h; path = VVideoPage.h; sourceTree = "<group>"; };
		F18F46121E794C4F002C3125 /* VVideoPage.m */ = {isa = PBXFileReference; fileEncoding = 4; lastKnownFileType = sourcecode.c.objc; path = VVideoPage.m; sourceTree = "<group>"; };
		F18F46131E794C4F002C3125 /* VVideoPageController.h */ = {isa = PBXFileReference; fileEncoding = 4; lastKnownFileType = sourcecode.c.h; path = VVideoPageController.h; sourceTree = "<group>"; };
		F18F46141E794C4F002C3125 /* VVideoPageController.m */ = {isa = PBXFileReference; fileEncoding = 4; lastKnownFileType = sourcecode.c.objc; path = VVideoPageController.m; sourceTree = "<group>"; };
		F1B5497F1DC4D76F0094D543 /* VHttpHelper.h */ = {isa = PBXFileReference; fileEncoding = 4; lastKnownFileType = sourcecode.c.h; path = VHttpHelper.h; sourceTree = "<group>"; };
		F1B549801DC4D76F0094D543 /* VHttpHelper.m */ = {isa = PBXFileReference; fileEncoding = 4; lastKnownFileType = sourcecode.c.objc; path = VHttpHelper.m; sourceTree = "<group>"; };
		F1BF475F1DC0FDD4004FC3A2 /* CartDao.h */ = {isa = PBXFileReference; fileEncoding = 4; lastKnownFileType = sourcecode.c.h; path = CartDao.h; sourceTree = "<group>"; };
		F1BF47601DC0FDD4004FC3A2 /* CartDao.m */ = {isa = PBXFileReference; fileEncoding = 4; lastKnownFileType = sourcecode.c.objc; path = CartDao.m; sourceTree = "<group>"; };
		F1BF47611DC0FDD4004FC3A2 /* DBHelper.h */ = {isa = PBXFileReference; fileEncoding = 4; lastKnownFileType = sourcecode.c.h; path = DBHelper.h; sourceTree = "<group>"; };
		F1BF47621DC0FDD4004FC3A2 /* DBHelper.m */ = {isa = PBXFileReference; fileEncoding = 4; lastKnownFileType = sourcecode.c.objc; path = DBHelper.m; sourceTree = "<group>"; };
		F1BF47631DC0FDD4004FC3A2 /* MyFavouritesDao.h */ = {isa = PBXFileReference; fileEncoding = 4; lastKnownFileType = sourcecode.c.h; path = MyFavouritesDao.h; sourceTree = "<group>"; };
		F1BF47641DC0FDD4004FC3A2 /* MyFavouritesDao.m */ = {isa = PBXFileReference; fileEncoding = 4; lastKnownFileType = sourcecode.c.objc; path = MyFavouritesDao.m; sourceTree = "<group>"; };
		F1BF47861DC10C3B004FC3A2 /* ARCCompile.h */ = {isa = PBXFileReference; fileEncoding = 4; lastKnownFileType = sourcecode.c.h; path = ARCCompile.h; sourceTree = "<group>"; };
		F1BF47871DC10C3B004FC3A2 /* DebugMarco.h */ = {isa = PBXFileReference; fileEncoding = 4; lastKnownFileType = sourcecode.c.h; path = DebugMarco.h; sourceTree = "<group>"; };
		F1C19F9B1DCD9FF60094B88D /* UserEntity.h */ = {isa = PBXFileReference; fileEncoding = 4; lastKnownFileType = sourcecode.c.h; path = UserEntity.h; sourceTree = "<group>"; };
		F1C19F9C1DCD9FF60094B88D /* UserEntity.m */ = {isa = PBXFileReference; fileEncoding = 4; lastKnownFileType = sourcecode.c.objc; path = UserEntity.m; sourceTree = "<group>"; };
		F1C19FAB1DCDD1550094B88D /* LoginEntity.h */ = {isa = PBXFileReference; fileEncoding = 4; lastKnownFileType = sourcecode.c.h; path = LoginEntity.h; sourceTree = "<group>"; };
		F1C19FAC1DCDD1550094B88D /* LoginEntity.m */ = {isa = PBXFileReference; fileEncoding = 4; lastKnownFileType = sourcecode.c.objc; path = LoginEntity.m; sourceTree = "<group>"; };
		F1C19FAE1DCDD2030094B88D /* RegisterEntity.h */ = {isa = PBXFileReference; fileEncoding = 4; lastKnownFileType = sourcecode.c.h; path = RegisterEntity.h; sourceTree = "<group>"; };
		F1C19FAF1DCDD2030094B88D /* RegisterEntity.m */ = {isa = PBXFileReference; fileEncoding = 4; lastKnownFileType = sourcecode.c.objc; path = RegisterEntity.m; sourceTree = "<group>"; };
		F1E1A4D31ECAFF3500CDFFB3 /* VHUDHelper.h */ = {isa = PBXFileReference; fileEncoding = 4; lastKnownFileType = sourcecode.c.h; path = VHUDHelper.h; sourceTree = "<group>"; };
		F1E1A4D41ECAFF3500CDFFB3 /* VHUDHelper.m */ = {isa = PBXFileReference; fileEncoding = 4; lastKnownFileType = sourcecode.c.objc; path = VHUDHelper.m; sourceTree = "<group>"; };
		F1E207EB1E2E0245007F1011 /* StockModel.h */ = {isa = PBXFileReference; fileEncoding = 4; lastKnownFileType = sourcecode.c.h; path = StockModel.h; sourceTree = "<group>"; };
		F1E207EC1E2E0245007F1011 /* StockModel.m */ = {isa = PBXFileReference; fileEncoding = 4; lastKnownFileType = sourcecode.c.objc; path = StockModel.m; sourceTree = "<group>"; };
		F1E207EE1E2E028F007F1011 /* HistoryDao.h */ = {isa = PBXFileReference; fileEncoding = 4; lastKnownFileType = sourcecode.c.h; path = HistoryDao.h; sourceTree = "<group>"; };
		F1E207EF1E2E028F007F1011 /* HistoryDao.m */ = {isa = PBXFileReference; fileEncoding = 4; lastKnownFileType = sourcecode.c.objc; path = HistoryDao.m; sourceTree = "<group>"; };
/* End PBXFileReference section */

/* Begin PBXFrameworksBuildPhase section */
		F17A8CFB1DBEF81500C18971 /* Frameworks */ = {
			isa = PBXFrameworksBuildPhase;
			buildActionMask = 2147483647;
			files = (
				5F2A8FD26336284A0C40CB29 /* libPods-ProjectTools.a in Frameworks */,
			);
			runOnlyForDeploymentPostprocessing = 0;
		};
/* End PBXFrameworksBuildPhase section */

/* Begin PBXGroup section */
		144D9C7E1DC324E700E85E3E /* MainClass */ = {
			isa = PBXGroup;
			children = (
				F144B1051ECD97F9002904F8 /* Module */,
				F15DA1711E56C76C00D35F38 /* TabBar1st */,
				F15DA1781E56C76C00D35F38 /* TabBar2st */,
				F15DA17B1E56C76C00D35F38 /* TabBar3st */,
				F15DA1801E56C76C00D35F38 /* View */,
				F160F10E1DC773FC0053E731 /* Login&Register */,
			);
			path = MainClass;
			sourceTree = "<group>";
		};
		144D9C821DC3258B00E85E3E /* DataCenter */ = {
			isa = PBXGroup;
			children = (
				144D9C831DC3258B00E85E3E /* DataCenter.h */,
				144D9C841DC3258B00E85E3E /* DataCenter.m */,
				144D9C851DC3258B00E85E3E /* DataConfig.h */,
				144D9C861DC3258B00E85E3E /* DataConfig.m */,
			);
			path = DataCenter;
			sourceTree = "<group>";
		};
		144D9CA51DC3277700E85E3E /* VersionHelper */ = {
			isa = PBXGroup;
			children = (
				144D9CA81DC327AE00E85E3E /* VersionHelper.h */,
				144D9CA91DC327AE00E85E3E /* VersionHelper.m */,
			);
			path = VersionHelper;
			sourceTree = "<group>";
		};
		8A2C6EF1F8A0E6DAC5DA0F78 /* Pods */ = {
			isa = PBXGroup;
			children = (
				20D68988668F597D568D1F7A /* Pods-ProjectTools.debug.xcconfig */,
				4CE3C48B49E64606B1473A68 /* Pods-ProjectTools.release.xcconfig */,
			);
			name = Pods;
			sourceTree = "<group>";
		};
		EFE6F340FB37876C09F81093 /* Frameworks */ = {
			isa = PBXGroup;
			children = (
				C13C9F9F8C578144BD63669C /* libPods-ProjectTools.a */,
			);
			name = Frameworks;
			sourceTree = "<group>";
		};
		F13978401E5EB9A600F61495 /* YYFPSLabel */ = {
			isa = PBXGroup;
			children = (
				F13978411E5EB9A600F61495 /* YYFPSLabel.h */,
				F13978421E5EB9A600F61495 /* YYFPSLabel.m */,
				F13978431E5EB9A600F61495 /* YYWeakProxy.h */,
				F13978441E5EB9A600F61495 /* YYWeakProxy.m */,
			);
			path = YYFPSLabel;
			sourceTree = "<group>";
		};
		F141FD721E51B31400A26432 /* Helpers */ = {
			isa = PBXGroup;
			children = (
				F141FD801E51B31400A26432 /* EmptyViewHelper */,
				F141FD831E51B31400A26432 /* FileHelper */,
				F141FD861E51B31400A26432 /* HistoryHelper */,
				F141FD8E1E51B31400A26432 /* LocationHelper */,
			);
			path = Helpers;
			sourceTree = "<group>";
		};
		F141FD801E51B31400A26432 /* EmptyViewHelper */ = {
			isa = PBXGroup;
			children = (
				F141FD811E51B31400A26432 /* VEmptyViewHelper.h */,
				F141FD821E51B31400A26432 /* VEmptyViewHelper.m */,
			);
			path = EmptyViewHelper;
			sourceTree = "<group>";
		};
		F141FD831E51B31400A26432 /* FileHelper */ = {
			isa = PBXGroup;
			children = (
				F141FD841E51B31400A26432 /* VFileHelper.h */,
				F141FD851E51B31400A26432 /* VFileHelper.m */,
			);
			path = FileHelper;
			sourceTree = "<group>";
		};
		F141FD861E51B31400A26432 /* HistoryHelper */ = {
			isa = PBXGroup;
			children = (
				F141FD871E51B31400A26432 /* VHistoryCell.h */,
				F141FD881E51B31400A26432 /* VHistoryCell.m */,
				F141FD891E51B31400A26432 /* VHistoryHelper.h */,
				F141FD8A1E51B31400A26432 /* VHistoryHelper.m */,
			);
			path = HistoryHelper;
			sourceTree = "<group>";
		};
		F141FD8E1E51B31400A26432 /* LocationHelper */ = {
			isa = PBXGroup;
			children = (
				F141FD8F1E51B31400A26432 /* CLLocation+Transform.h */,
				F141FD901E51B31400A26432 /* CLLocation+Transform.m */,
				F141FD911E51B31400A26432 /* VLocationHelper.h */,
				F141FD921E51B31400A26432 /* VLocationHelper.m */,
			);
			path = LocationHelper;
			sourceTree = "<group>";
		};
		F144B1051ECD97F9002904F8 /* Module */ = {
			isa = PBXGroup;
			children = (
				F144B1061ECD97F9002904F8 /* ListController */,
			);
			path = Module;
			sourceTree = "<group>";
		};
		F144B1061ECD97F9002904F8 /* ListController */ = {
			isa = PBXGroup;
			children = (
				F144B1071ECD981F002904F8 /* VListController.h */,
				F144B1081ECD981F002904F8 /* VListController.m */,
				F144B10D1ECD98B8002904F8 /* ReportModel.h */,
				F144B10E1ECD98B8002904F8 /* ReportModel.m */,
				F144B10F1ECD98B8002904F8 /* ReportTableCell.h */,
				F144B1101ECD98B8002904F8 /* ReportTableCell.m */,
			);
			path = ListController;
			sourceTree = "<group>";
		};
		F14792991E76911200237963 /* ScrollMenu */ = {
			isa = PBXGroup;
			children = (
				F147929A1E76911200237963 /* VScrollMenuShowController.h */,
				F147929B1E76911200237963 /* VScrollMenuShowController.m */,
				F147929C1E76911200237963 /* VScrollPageShowController.h */,
				F147929D1E76911200237963 /* VScrollPageShowController.m */,
				F14792A01E76913F00237963 /* VScroll1PageController.h */,
				F14792A11E76913F00237963 /* VScroll1PageController.m */,
				F14792A21E76913F00237963 /* VScroll2PageController.h */,
				F14792A31E76913F00237963 /* VScroll2PageController.m */,
				F14792A91E76952F00237963 /* ExampleViewController.h */,
				F14792AA1E76952F00237963 /* ExampleViewController.m */,
				F14792AB1E76952F00237963 /* VScrollMenuController.h */,
				F14792AC1E76952F00237963 /* VScrollMenuController.m */,
			);
			path = ScrollMenu;
			sourceTree = "<group>";
		};
		F14822231DE5C5AD000A5FC6 /* Common */ = {
			isa = PBXGroup;
			children = (
				F1E1A4D21ECAFF3500CDFFB3 /* HUBHelper */,
				F141FD721E51B31400A26432 /* Helpers */,
				F15342C91DF10C7800B56089 /* BaseClass */,
				F14823EC1DEEAF6E000A5FC6 /* Constant */,
				F14822E81DEBDA35000A5FC6 /* GCDTimer */,
				F148222D1DE5C5AD000A5FC6 /* Categories */,
				F148225E1DE5C5AD000A5FC6 /* Utils */,
			);
			path = Common;
			sourceTree = "<group>";
		};
		F148222D1DE5C5AD000A5FC6 /* Categories */ = {
			isa = PBXGroup;
			children = (
				F14792AF1E76969600237963 /* UIView+VAdd.h */,
				F14792B01E76969600237963 /* UIView+VAdd.m */,
				F14822311DE5C5AD000A5FC6 /* NSData+Common.h */,
				F14822321DE5C5AD000A5FC6 /* NSData+Common.m */,
				F14822331DE5C5AD000A5FC6 /* NSDictionary+VAdd.h */,
				F14822341DE5C5AD000A5FC6 /* NSDictionary+VAdd.m */,
				F14822351DE5C5AD000A5FC6 /* NSObject+VAdd.h */,
				F14822361DE5C5AD000A5FC6 /* NSObject+VAdd.m */,
				F14822371DE5C5AD000A5FC6 /* NSString+VAdd.h */,
				F14822381DE5C5AD000A5FC6 /* NSString+VAdd.m */,
				F14822391DE5C5AD000A5FC6 /* UIColor+VAdd.h */,
				F148223A1DE5C5AD000A5FC6 /* UIColor+VAdd.m */,
				F148223B1DE5C5AD000A5FC6 /* UIDevice+VAdd.h */,
				F148223C1DE5C5AD000A5FC6 /* UIDevice+VAdd.m */,
				F148223D1DE5C5AD000A5FC6 /* UIImage+VAdd.h */,
				F148223E1DE5C5AD000A5FC6 /* UIImage+VAdd.m */,
				F148223F1DE5C5AD000A5FC6 /* UILabel+Common.h */,
				F14822401DE5C5AD000A5FC6 /* UILabel+Common.m */,
				F14822411DE5C5AD000A5FC6 /* UIViewController+VTransAnimation */,
			);
			path = Categories;
			sourceTree = "<group>";
		};
		F14822411DE5C5AD000A5FC6 /* UIViewController+VTransAnimation */ = {
			isa = PBXGroup;
			children = (
				F14822421DE5C5AD000A5FC6 /* UIViewController+VTransAnimation.h */,
				F14822431DE5C5AD000A5FC6 /* UIViewController+VTransAnimation.m */,
			);
			path = "UIViewController+VTransAnimation";
			sourceTree = "<group>";
		};
		F148225E1DE5C5AD000A5FC6 /* Utils */ = {
			isa = PBXGroup;
			children = (
				F13978401E5EB9A600F61495 /* YYFPSLabel */,
				F148225F1DE5C5AD000A5FC6 /* APPHelper.h */,
				F14822601DE5C5AD000A5FC6 /* APPHelper.m */,
				F14822611DE5C5AD000A5FC6 /* FontHelper.h */,
				F14822621DE5C5AD000A5FC6 /* FontHelper.m */,
				F14822631DE5C5AD000A5FC6 /* JSONHelper.h */,
				F14822641DE5C5AD000A5FC6 /* JSONHelper.m */,
				F14822651DE5C5AD000A5FC6 /* VDateTools.h */,
				F14822661DE5C5AD000A5FC6 /* VDateTools.m */,
				F14823E51DEE9CE3000A5FC6 /* VUIHelper.h */,
				F14823E61DEE9CE3000A5FC6 /* VUIHelper.m */,
			);
			path = Utils;
			sourceTree = "<group>";
		};
		F14822E81DEBDA35000A5FC6 /* GCDTimer */ = {
			isa = PBXGroup;
			children = (
				F14822E91DEBDA35000A5FC6 /* VGCDTimer.h */,
				F14822EA1DEBDA35000A5FC6 /* VGCDTimer.m */,
			);
			path = GCDTimer;
			sourceTree = "<group>";
		};
		F14823EC1DEEAF6E000A5FC6 /* Constant */ = {
			isa = PBXGroup;
			children = (
				F14823ED1DEEAF6E000A5FC6 /* UIColor+Project.h */,
				F14823EE1DEEAF6E000A5FC6 /* UIColor+Project.m */,
			);
			path = Constant;
			sourceTree = "<group>";
		};
		F15342C91DF10C7800B56089 /* BaseClass */ = {
			isa = PBXGroup;
			children = (
				F15342CA1DF10C7800B56089 /* VBase1ViewController.h */,
				F15342CB1DF10C7800B56089 /* VBase1ViewController.m */,
				F15342CC1DF10C7800B56089 /* VBaseAppDelegate.h */,
				F15342CD1DF10C7800B56089 /* VBaseAppDelegate.m */,
				F15342CE1DF10C7800B56089 /* VBaseNavigationController.h */,
				F15342CF1DF10C7800B56089 /* VBaseNavigationController.m */,
				F15342D01DF10C7800B56089 /* VShowWeb1Controller.h */,
				F15342D11DF10C7800B56089 /* VShowWeb1Controller.m */,
				F140DA281DFA628000A89561 /* V2ShowWebViewController.h */,
				F140DA291DFA628000A89561 /* V2ShowWebViewController.m */,
				F140DA4E1DFA9B6F00A89561 /* V2WebViewController.h */,
				F140DA4F1DFA9B6F00A89561 /* V2WebViewController.m */,
			);
			path = BaseClass;
			sourceTree = "<group>";
		};
		F15DA1711E56C76C00D35F38 /* TabBar1st */ = {
			isa = PBXGroup;
			children = (
				F15DA18E1E56D0EA00D35F38 /* TabBar1stController.h */,
				F15DA18F1E56D0EA00D35F38 /* TabBar1stController.m */,
			);
			path = TabBar1st;
			sourceTree = "<group>";
		};
		F15DA1781E56C76C00D35F38 /* TabBar2st */ = {
			isa = PBXGroup;
			children = (
				F15DA1911E56D0F500D35F38 /* TabBar2stController.h */,
				F15DA1921E56D0F500D35F38 /* TabBar2stController.m */,
			);
			path = TabBar2st;
			sourceTree = "<group>";
		};
		F15DA17B1E56C76C00D35F38 /* TabBar3st */ = {
			isa = PBXGroup;
			children = (
				F14792991E76911200237963 /* ScrollMenu */,
				F15DA1941E56D0FD00D35F38 /* TabBar3stController.h */,
				F15DA1951E56D0FD00D35F38 /* TabBar3stController.m */,
				F15DA17E1E56C76C00D35F38 /* VSearchViewController.h */,
				F15DA17F1E56C76C00D35F38 /* VSearchViewController.m */,
				F15DA1981E56F08B00D35F38 /* VariousAnimationController.h */,
				F15DA1991E56F08B00D35F38 /* VariousAnimationController.m */,
				F15DA19B1E56F0AF00D35F38 /* VariousButtonController.h */,
				F15DA19C1E56F0AF00D35F38 /* VariousButtonController.m */,
				F15DA19D1E56F0AF00D35F38 /* VariousSwitchController.h */,
				F15DA19E1E56F0AF00D35F38 /* VariousSwitchController.m */,
			);
			path = TabBar3st;
			sourceTree = "<group>";
		};
		F15DA1801E56C76C00D35F38 /* View */ = {
			isa = PBXGroup;
			children = (
				F15DA1811E56C76C00D35F38 /* VTitleCCell.h */,
				F15DA1821E56C76C00D35F38 /* VTitleCCell.m */,
			);
			path = View;
			sourceTree = "<group>";
		};
		F160F0921DC750020053E731 /* PayManager */ = {
			isa = PBXGroup;
			children = (
				F160F0931DC750140053E731 /* AlipayManager.h */,
				F160F0941DC750140053E731 /* AlipayManager.m */,
				F160F0961DC7504D0053E731 /* BaiduPayManager.h */,
				F160F0971DC7504D0053E731 /* BaiduPayManager.m */,
				F160F0981DC7504D0053E731 /* CMBPayManager.h */,
				F160F0991DC7504D0053E731 /* CMBPayManager.m */,
				F160F09A1DC7504D0053E731 /* WXPayManager.h */,
				F160F09B1DC7504D0053E731 /* WXPayManager.m */,
			);
			path = PayManager;
			sourceTree = "<group>";
		};
		F160F0FB1DC753E40053E731 /* Models */ = {
			isa = PBXGroup;
			children = (
				F1C19FAB1DCDD1550094B88D /* LoginEntity.h */,
				F1C19FAC1DCDD1550094B88D /* LoginEntity.m */,
				F1C19FAE1DCDD2030094B88D /* RegisterEntity.h */,
				F1C19FAF1DCDD2030094B88D /* RegisterEntity.m */,
				F1C19F9B1DCD9FF60094B88D /* UserEntity.h */,
				F1C19F9C1DCD9FF60094B88D /* UserEntity.m */,
				F1E207EB1E2E0245007F1011 /* StockModel.h */,
				F1E207EC1E2E0245007F1011 /* StockModel.m */,
			);
			path = Models;
			sourceTree = "<group>";
		};
		F160F10E1DC773FC0053E731 /* Login&Register */ = {
			isa = PBXGroup;
			children = (
				F160F10F1DC7740C0053E731 /* LoginViewController.h */,
				F160F1101DC7740C0053E731 /* LoginViewController.m */,
				F14CFFBF1E39C6D100EF8AA1 /* RegisterViewController.h */,
				F14CFFC01E39C6D100EF8AA1 /* RegisterViewController.m */,
				F14CFFBD1E39C67200EF8AA1 /* Login.storyboard */,
			);
			path = "Login&Register";
			sourceTree = "<group>";
		};
		F17A8CF51DBEF81500C18971 = {
			isa = PBXGroup;
			children = (
				F17A8D001DBEF81500C18971 /* ProjectTools */,
				F17A8CFF1DBEF81500C18971 /* Products */,
				8A2C6EF1F8A0E6DAC5DA0F78 /* Pods */,
				EFE6F340FB37876C09F81093 /* Frameworks */,
			);
			sourceTree = "<group>";
		};
		F17A8CFF1DBEF81500C18971 /* Products */ = {
			isa = PBXGroup;
			children = (
				F17A8CFE1DBEF81500C18971 /* ProjectTools.app */,
			);
			name = Products;
			sourceTree = "<group>";
		};
		F17A8D001DBEF81500C18971 /* ProjectTools */ = {
			isa = PBXGroup;
			children = (
				F17A8D181DBEF88C00C18971 /* AppDelegate */,
				144D9C7E1DC324E700E85E3E /* MainClass */,
				F17A8D1F1DBEF88C00C18971 /* DataLogic */,
				F14822231DE5C5AD000A5FC6 /* Common */,
				F1BF47841DC10BCA004FC3A2 /* 3rds */,
				F18F45D71E794C4F002C3125 /* UIComponent */,
				F17A8D0D1DBEF81500C18971 /* Assets.xcassets */,
				F17A8D011DBEF81500C18971 /* Supporting Files */,
			);
			path = ProjectTools;
			sourceTree = "<group>";
		};
		F17A8D011DBEF81500C18971 /* Supporting Files */ = {
			isa = PBXGroup;
			children = (
				F15DA13F1E568C2E00D35F38 /* qidong.mp4 */,
				F17A8D0F1DBEF81500C18971 /* LaunchScreen.storyboard */,
				F17A8D0A1DBEF81500C18971 /* Main.storyboard */,
				F17A8D121DBEF81500C18971 /* Info.plist */,
				F17A8D021DBEF81500C18971 /* main.m */,
				F17A8D1B1DBEF88C00C18971 /* Constant.h */,
				F17A8D431DBEF88C00C18971 /* PrefixHeader.pch */,
				F160F08A1DC74E980053E731 /* APPConfig.h */,
				F160F08B1DC74EC50053E731 /* HttpConst.h */,
			);
			name = "Supporting Files";
			sourceTree = "<group>";
		};
		F17A8D181DBEF88C00C18971 /* AppDelegate */ = {
			isa = PBXGroup;
			children = (
				F17A8D191DBEF88C00C18971 /* AppDelegate.h */,
				F17A8D1A1DBEF88C00C18971 /* AppDelegate.m */,
				F15DA1571E56A69500D35F38 /* MainTabBarController.h */,
				F15DA1581E56A69500D35F38 /* MainTabBarController.m */,
				F15DA1591E56A69500D35F38 /* V2MainTabBarController.h */,
				F15DA15A1E56A69500D35F38 /* V2MainTabBarController.m */,
			);
			path = AppDelegate;
			sourceTree = "<group>";
		};
		F17A8D1F1DBEF88C00C18971 /* DataLogic */ = {
			isa = PBXGroup;
			children = (
				F160F0FB1DC753E40053E731 /* Models */,
				F160F0921DC750020053E731 /* PayManager */,
				144D9CA51DC3277700E85E3E /* VersionHelper */,
				144D9C821DC3258B00E85E3E /* DataCenter */,
				F1BF475B1DC0FDD4004FC3A2 /* CacheHelper */,
				F1BF475E1DC0FDD4004FC3A2 /* DBHelper */,
				F1B5497E1DC4D76F0094D543 /* WebService */,
			);
			path = DataLogic;
			sourceTree = "<group>";
		};
		F18F45D71E794C4F002C3125 /* UIComponent */ = {
			isa = PBXGroup;
			children = (
				F18F45D81E794C4F002C3125 /* AdPage */,
				F18F45DB1E794C4F002C3125 /* GuidePage */,
				F18F45DE1E794C4F002C3125 /* HelpCenterPage */,
				F18F45E71E794C4F002C3125 /* Menu */,
				F18F45F41E794C4F002C3125 /* StarRatingView */,
				F18F45F91E794C4F002C3125 /* VariousAnimation */,
				F18F45FA1E794C4F002C3125 /* VariousButton */,
				F18F46071E794C4F002C3125 /* VariousSwitch */,
				F18F46101E794C4F002C3125 /* VideoPage */,
			);
			path = UIComponent;
			sourceTree = "<group>";
		};
		F18F45D81E794C4F002C3125 /* AdPage */ = {
			isa = PBXGroup;
			children = (
				F18F45D91E794C4F002C3125 /* VLaunchAdPage.h */,
				F18F45DA1E794C4F002C3125 /* VLaunchAdPage.m */,
			);
			path = AdPage;
			sourceTree = "<group>";
		};
		F18F45DB1E794C4F002C3125 /* GuidePage */ = {
			isa = PBXGroup;
			children = (
				F18F45DC1E794C4F002C3125 /* VGuidePage.h */,
				F18F45DD1E794C4F002C3125 /* VGuidePage.m */,
			);
			path = GuidePage;
			sourceTree = "<group>";
		};
		F18F45DE1E794C4F002C3125 /* HelpCenterPage */ = {
			isa = PBXGroup;
			children = (
				F18F45DF1E794C4F002C3125 /* VAnswerCell.h */,
				F18F45E01E794C4F002C3125 /* VAnswerCell.m */,
				F18F45E11E794C4F002C3125 /* VHelpCenterController.h */,
				F18F45E21E794C4F002C3125 /* VHelpCenterController.m */,
				F18F45E31E794C4F002C3125 /* VHelpHeaderView.h */,
				F18F45E41E794C4F002C3125 /* VHelpHeaderView.m */,
				F18F45E51E794C4F002C3125 /* VHelpModel.h */,
				F18F45E61E794C4F002C3125 /* VHelpModel.m */,
			);
			path = HelpCenterPage;
			sourceTree = "<group>";
		};
		F18F45E71E794C4F002C3125 /* Menu */ = {
			isa = PBXGroup;
			children = (
				F18F45E81E794C4F002C3125 /* V2ToolBar.h */,
				F18F45E91E794C4F002C3125 /* V2ToolBar.m */,
				F18F45EA1E794C4F002C3125 /* VScroll1Page.h */,
				F18F45EB1E794C4F002C3125 /* VScroll1Page.m */,
				F18F45EC1E794C4F002C3125 /* VScroll2Page.h */,
				F18F45ED1E794C4F002C3125 /* VScroll2Page.m */,
				F18F45EE1E794C4F002C3125 /* VScrollMenuView.h */,
				F18F45EF1E794C4F002C3125 /* VScrollMenuView.m */,
				F18F45F01E794C4F002C3125 /* VSlideMenuView.h */,
				F18F45F11E794C4F002C3125 /* VSlideMenuView.m */,
				F18F45F21E794C4F002C3125 /* VToolBar.h */,
				F18F45F31E794C4F002C3125 /* VToolBar.m */,
			);
			path = Menu;
			sourceTree = "<group>";
		};
		F18F45F41E794C4F002C3125 /* StarRatingView */ = {
			isa = PBXGroup;
			children = (
				F18F45F51E794C4F002C3125 /* b27_icon_star_gray@2x.png */,
				F18F45F61E794C4F002C3125 /* b27_icon_star_yellow@2x.png */,
				F18F45F71E794C4F002C3125 /* StarRatingView.h */,
				F18F45F81E794C4F002C3125 /* StarRatingView.m */,
			);
			path = StarRatingView;
			sourceTree = "<group>";
		};
		F18F45F91E794C4F002C3125 /* VariousAnimation */ = {
			isa = PBXGroup;
			children = (
			);
			path = VariousAnimation;
			sourceTree = "<group>";
		};
		F18F45FA1E794C4F002C3125 /* VariousButton */ = {
			isa = PBXGroup;
			children = (
				F18F45FB1E794C4F002C3125 /* EffectsButton */,
				F18F46001E794C4F002C3125 /* ExtendButton */,
				F18F46031E794C4F002C3125 /* VerifyCodeButton */,
			);
			path = VariousButton;
			sourceTree = "<group>";
		};
		F18F45FB1E794C4F002C3125 /* EffectsButton */ = {
			isa = PBXGroup;
			children = (
				F18F45FC1E794C4F002C3125 /* V2EffectsButton.h */,
				F18F45FD1E794C4F002C3125 /* V2EffectsButton.m */,
				F18F45FE1E794C4F002C3125 /* VEffectsButton.h */,
				F18F45FF1E794C4F002C3125 /* VEffectsButton.m */,
			);
			path = EffectsButton;
			sourceTree = "<group>";
		};
		F18F46001E794C4F002C3125 /* ExtendButton */ = {
			isa = PBXGroup;
			children = (
				F18F46011E794C4F002C3125 /* VExtendTextButton.h */,
				F18F46021E794C4F002C3125 /* VExtendTextButton.m */,
			);
			path = ExtendButton;
			sourceTree = "<group>";
		};
		F18F46031E794C4F002C3125 /* VerifyCodeButton */ = {
			isa = PBXGroup;
			children = (
				F18F46041E794C4F002C3125 /* btn_selected.png */,
				F18F46051E794C4F002C3125 /* VerifyCodeButton.h */,
				F18F46061E794C4F002C3125 /* VerifyCodeButton.m */,
			);
			path = VerifyCodeButton;
			sourceTree = "<group>";
		};
		F18F46071E794C4F002C3125 /* VariousSwitch */ = {
			isa = PBXGroup;
			children = (
				F18F46081E794C4F002C3125 /* KLSwitch.h */,
				F18F46091E794C4F002C3125 /* KLSwitch.m */,
				F18F460A1E794C4F002C3125 /* VFlatSwitch.h */,
				F18F460B1E794C4F002C3125 /* VFlatSwitch.m */,
				F18F460C1E794C4F002C3125 /* VSwitch.h */,
				F18F460D1E794C4F002C3125 /* VSwitch.m */,
				F18F460E1E794C4F002C3125 /* VTextSwitch.h */,
				F18F460F1E794C4F002C3125 /* VTextSwitch.m */,
			);
			path = VariousSwitch;
			sourceTree = "<group>";
		};
		F18F46101E794C4F002C3125 /* VideoPage */ = {
			isa = PBXGroup;
			children = (
				F18F46111E794C4F002C3125 /* VVideoPage.h */,
				F18F46121E794C4F002C3125 /* VVideoPage.m */,
				F18F46131E794C4F002C3125 /* VVideoPageController.h */,
				F18F46141E794C4F002C3125 /* VVideoPageController.m */,
			);
			path = VideoPage;
			sourceTree = "<group>";
		};
		F1B5497E1DC4D76F0094D543 /* WebService */ = {
			isa = PBXGroup;
			children = (
				F1B5497F1DC4D76F0094D543 /* VHttpHelper.h */,
				F1B549801DC4D76F0094D543 /* VHttpHelper.m */,
				F14CFFC41E39CBED00EF8AA1 /* LoginRequest.h */,
				F14CFFC51E39CBED00EF8AA1 /* LoginRequest.m */,
				F14CFFC71E39CEA200EF8AA1 /* AccountRequest.h */,
				F14CFFC81E39CEA200EF8AA1 /* AccountRequest.m */,
				F144B10A1ECD9873002904F8 /* ListRequest.h */,
				F144B10B1ECD9873002904F8 /* ListRequest.m */,
			);
			path = WebService;
			sourceTree = "<group>";
		};
		F1BF475B1DC0FDD4004FC3A2 /* CacheHelper */ = {
			isa = PBXGroup;
			children = (
				F160F1151DC780E90053E731 /* VCacheHelper.h */,
				F160F1161DC780E90053E731 /* VCacheHelper.m */,
			);
			path = CacheHelper;
			sourceTree = "<group>";
		};
		F1BF475E1DC0FDD4004FC3A2 /* DBHelper */ = {
			isa = PBXGroup;
			children = (
				F1BF475F1DC0FDD4004FC3A2 /* CartDao.h */,
				F1BF47601DC0FDD4004FC3A2 /* CartDao.m */,
				F1BF47611DC0FDD4004FC3A2 /* DBHelper.h */,
				F1BF47621DC0FDD4004FC3A2 /* DBHelper.m */,
				F1BF47631DC0FDD4004FC3A2 /* MyFavouritesDao.h */,
				F1BF47641DC0FDD4004FC3A2 /* MyFavouritesDao.m */,
				F1E207EE1E2E028F007F1011 /* HistoryDao.h */,
				F1E207EF1E2E028F007F1011 /* HistoryDao.m */,
			);
			path = DBHelper;
			sourceTree = "<group>";
		};
		F1BF47841DC10BCA004FC3A2 /* 3rds */ = {
			isa = PBXGroup;
			children = (
				F1BF47851DC10C3B004FC3A2 /* DebugMacro */,
			);
			path = 3rds;
			sourceTree = "<group>";
		};
		F1BF47851DC10C3B004FC3A2 /* DebugMacro */ = {
			isa = PBXGroup;
			children = (
				F1BF47861DC10C3B004FC3A2 /* ARCCompile.h */,
				F1BF47871DC10C3B004FC3A2 /* DebugMarco.h */,
			);
			path = DebugMacro;
			sourceTree = "<group>";
		};
		F1E1A4D21ECAFF3500CDFFB3 /* HUBHelper */ = {
			isa = PBXGroup;
			children = (
				F1E1A4D31ECAFF3500CDFFB3 /* VHUDHelper.h */,
				F1E1A4D41ECAFF3500CDFFB3 /* VHUDHelper.m */,
			);
			path = HUBHelper;
			sourceTree = "<group>";
		};
/* End PBXGroup section */

/* Begin PBXNativeTarget section */
		F17A8CFD1DBEF81500C18971 /* ProjectTools */ = {
			isa = PBXNativeTarget;
			buildConfigurationList = F17A8D151DBEF81500C18971 /* Build configuration list for PBXNativeTarget "ProjectTools" */;
			buildPhases = (
				7557AA22C779A000E32DE1C4 /* [CP] Check Pods Manifest.lock */,
				F17A8CFA1DBEF81500C18971 /* Sources */,
				F17A8CFB1DBEF81500C18971 /* Frameworks */,
				F17A8CFC1DBEF81500C18971 /* Resources */,
				75134A95398A241426ABBECA /* [CP] Embed Pods Frameworks */,
				32C5FE38F7F528AF75441695 /* [CP] Copy Pods Resources */,
			);
			buildRules = (
			);
			dependencies = (
			);
			name = ProjectTools;
			productName = ProjectTools;
			productReference = F17A8CFE1DBEF81500C18971 /* ProjectTools.app */;
			productType = "com.apple.product-type.application";
		};
/* End PBXNativeTarget section */

/* Begin PBXProject section */
		F17A8CF61DBEF81500C18971 /* Project object */ = {
			isa = PBXProject;
			attributes = {
				LastUpgradeCheck = 0810;
				ORGANIZATIONNAME = Vols;
				TargetAttributes = {
					F17A8CFD1DBEF81500C18971 = {
						CreatedOnToolsVersion = 8.0;
						DevelopmentTeam = DCULVL94ZE;
						ProvisioningStyle = Automatic;
					};
				};
			};
			buildConfigurationList = F17A8CF91DBEF81500C18971 /* Build configuration list for PBXProject "ProjectTools" */;
			compatibilityVersion = "Xcode 3.2";
			developmentRegion = English;
			hasScannedForEncodings = 0;
			knownRegions = (
				en,
				Base,
			);
			mainGroup = F17A8CF51DBEF81500C18971;
			productRefGroup = F17A8CFF1DBEF81500C18971 /* Products */;
			projectDirPath = "";
			projectRoot = "";
			targets = (
				F17A8CFD1DBEF81500C18971 /* ProjectTools */,
			);
		};
/* End PBXProject section */

/* Begin PBXResourcesBuildPhase section */
		F17A8CFC1DBEF81500C18971 /* Resources */ = {
			isa = PBXResourcesBuildPhase;
			buildActionMask = 2147483647;
			files = (
				F18F46221E794C4F002C3125 /* b27_icon_star_yellow@2x.png in Resources */,
				F18F46211E794C4F002C3125 /* b27_icon_star_gray@2x.png in Resources */,
				F15DA1401E568C2E00D35F38 /* qidong.mp4 in Resources */,
				F14CFFBE1E39C67200EF8AA1 /* Login.storyboard in Resources */,
				F17A8D111DBEF81500C18971 /* LaunchScreen.storyboard in Resources */,
				F17A8D0E1DBEF81500C18971 /* Assets.xcassets in Resources */,
				F17A8D0C1DBEF81500C18971 /* Main.storyboard in Resources */,
				F18F46271E794C4F002C3125 /* btn_selected.png in Resources */,
			);
			runOnlyForDeploymentPostprocessing = 0;
		};
/* End PBXResourcesBuildPhase section */

/* Begin PBXShellScriptBuildPhase section */
		32C5FE38F7F528AF75441695 /* [CP] Copy Pods Resources */ = {
			isa = PBXShellScriptBuildPhase;
			buildActionMask = 2147483647;
			files = (
			);
			inputPaths = (
			);
			name = "[CP] Copy Pods Resources";
			outputPaths = (
			);
			runOnlyForDeploymentPostprocessing = 0;
			shellPath = /bin/sh;
			shellScript = "\"${SRCROOT}/Pods/Target Support Files/Pods-ProjectTools/Pods-ProjectTools-resources.sh\"\n";
			showEnvVarsInLog = 0;
		};
		75134A95398A241426ABBECA /* [CP] Embed Pods Frameworks */ = {
			isa = PBXShellScriptBuildPhase;
			buildActionMask = 2147483647;
			files = (
			);
			inputPaths = (
			);
			name = "[CP] Embed Pods Frameworks";
			outputPaths = (
			);
			runOnlyForDeploymentPostprocessing = 0;
			shellPath = /bin/sh;
			shellScript = "\"${SRCROOT}/Pods/Target Support Files/Pods-ProjectTools/Pods-ProjectTools-frameworks.sh\"\n";
			showEnvVarsInLog = 0;
		};
		7557AA22C779A000E32DE1C4 /* [CP] Check Pods Manifest.lock */ = {
			isa = PBXShellScriptBuildPhase;
			buildActionMask = 2147483647;
			files = (
			);
			inputPaths = (
			);
			name = "[CP] Check Pods Manifest.lock";
			outputPaths = (
			);
			runOnlyForDeploymentPostprocessing = 0;
			shellPath = /bin/sh;
			shellScript = "diff \"${PODS_ROOT}/../Podfile.lock\" \"${PODS_ROOT}/Manifest.lock\" > /dev/null\nif [ $? != 0 ] ; then\n    # print error to STDERR\n    echo \"error: The sandbox is not in sync with the Podfile.lock. Run 'pod install' or update your CocoaPods installation.\" >&2\n    exit 1\nfi\n";
			showEnvVarsInLog = 0;
		};
/* End PBXShellScriptBuildPhase section */

/* Begin PBXSourcesBuildPhase section */
		F17A8CFA1DBEF81500C18971 /* Sources */ = {
			isa = PBXSourcesBuildPhase;
			buildActionMask = 2147483647;
			files = (
				F13978451E5EB9A600F61495 /* YYFPSLabel.m in Sources */,
				F1C19FAD1DCDD1550094B88D /* LoginEntity.m in Sources */,
				F1BF47681DC0FDD4004FC3A2 /* DBHelper.m in Sources */,
				F148226C1DE5C5AD000A5FC6 /* NSData+Common.m in Sources */,
				F1BF47691DC0FDD4004FC3A2 /* MyFavouritesDao.m in Sources */,
				F14792B11E76969600237963 /* UIView+VAdd.m in Sources */,
				F14792A41E76914000237963 /* VScroll1PageController.m in Sources */,
				F15DA1901E56D0EA00D35F38 /* TabBar1stController.m in Sources */,
				F15342D21DF10C7800B56089 /* VBase1ViewController.m in Sources */,
				F141FD9F1E51B31400A26432 /* VLocationHelper.m in Sources */,
				F15DA15B1E56A69500D35F38 /* MainTabBarController.m in Sources */,
				F18F46291E794C4F002C3125 /* KLSwitch.m in Sources */,
				F15DA1931E56D0F500D35F38 /* TabBar2stController.m in Sources */,
				F144B10C1ECD9873002904F8 /* ListRequest.m in Sources */,
				144D9C8D1DC3258B00E85E3E /* DataCenter.m in Sources */,
				F18F461D1E794C4F002C3125 /* VScroll2Page.m in Sources */,
				F14823E71DEE9CE3000A5FC6 /* VUIHelper.m in Sources */,
				F18F46251E794C4F002C3125 /* VEffectsButton.m in Sources */,
				F1E207ED1E2E0245007F1011 /* StockModel.m in Sources */,
				F14792AD1E76952F00237963 /* ExampleViewController.m in Sources */,
				F14CFFC91E39CEA200EF8AA1 /* AccountRequest.m in Sources */,
				F14CFFC11E39C6D100EF8AA1 /* RegisterViewController.m in Sources */,
				F18F46161E794C4F002C3125 /* VGuidePage.m in Sources */,
				144D9C8E1DC3258B00E85E3E /* DataConfig.m in Sources */,
				F140DA2A1DFA628000A89561 /* V2ShowWebViewController.m in Sources */,
				F15DA1881E56C76C00D35F38 /* VSearchViewController.m in Sources */,
				F148226E1DE5C5AD000A5FC6 /* NSObject+VAdd.m in Sources */,
				F141FD991E51B31400A26432 /* VEmptyViewHelper.m in Sources */,
				F14822721DE5C5AD000A5FC6 /* UIImage+VAdd.m in Sources */,
				F1E1A4D51ECAFF3500CDFFB3 /* VHUDHelper.m in Sources */,
				F140DA501DFA9B6F00A89561 /* V2WebViewController.m in Sources */,
				F141FD9E1E51B31400A26432 /* CLLocation+Transform.m in Sources */,
				F14822811DE5C5AD000A5FC6 /* FontHelper.m in Sources */,
				F14792AE1E76952F00237963 /* VScrollMenuController.m in Sources */,
				F15DA1961E56D0FD00D35F38 /* TabBar3stController.m in Sources */,
				F148226F1DE5C5AD000A5FC6 /* NSString+VAdd.m in Sources */,
				F18F462A1E794C4F002C3125 /* VFlatSwitch.m in Sources */,
				F1B549811DC4D76F0094D543 /* VHttpHelper.m in Sources */,
				F14822821DE5C5AD000A5FC6 /* JSONHelper.m in Sources */,
				F1C19F9D1DCD9FF60094B88D /* UserEntity.m in Sources */,
				F18F462B1E794C4F002C3125 /* VSwitch.m in Sources */,
				F14822741DE5C5AD000A5FC6 /* UIViewController+VTransAnimation.m in Sources */,
				F148226D1DE5C5AD000A5FC6 /* NSDictionary+VAdd.m in Sources */,
				F160F1171DC780E90053E731 /* VCacheHelper.m in Sources */,
				F144B1111ECD98B8002904F8 /* ReportModel.m in Sources */,
				F14822801DE5C5AD000A5FC6 /* APPHelper.m in Sources */,
				F18F46191E794C4F002C3125 /* VHelpHeaderView.m in Sources */,
				F18F46231E794C4F002C3125 /* StarRatingView.m in Sources */,
				F15DA1891E56C76C00D35F38 /* VTitleCCell.m in Sources */,
				F18F461F1E794C4F002C3125 /* VSlideMenuView.m in Sources */,
				F18F46171E794C4F002C3125 /* VAnswerCell.m in Sources */,
				F14822831DE5C5AD000A5FC6 /* VDateTools.m in Sources */,
				F18F461B1E794C4F002C3125 /* V2ToolBar.m in Sources */,
				F18F461C1E794C4F002C3125 /* VScroll1Page.m in Sources */,
				F18F46281E794C4F002C3125 /* VerifyCodeButton.m in Sources */,
				F15DA19F1E56F0AF00D35F38 /* VariousButtonController.m in Sources */,
				F160F09D1DC7504D0053E731 /* CMBPayManager.m in Sources */,
				F144B1091ECD981F002904F8 /* VListController.m in Sources */,
				F18F462D1E794C4F002C3125 /* VVideoPage.m in Sources */,
				F14822EB1DEBDA35000A5FC6 /* VGCDTimer.m in Sources */,
				F15342D41DF10C7800B56089 /* VBaseNavigationController.m in Sources */,
				F14823EF1DEEAF6E000A5FC6 /* UIColor+Project.m in Sources */,
				F1E207F01E2E028F007F1011 /* HistoryDao.m in Sources */,
				F18F46241E794C4F002C3125 /* V2EffectsButton.m in Sources */,
				F14822731DE5C5AD000A5FC6 /* UILabel+Common.m in Sources */,
				F15DA1A01E56F0AF00D35F38 /* VariousSwitchController.m in Sources */,
				F14CFFC61E39CBED00EF8AA1 /* LoginRequest.m in Sources */,
				F14822711DE5C5AD000A5FC6 /* UIDevice+VAdd.m in Sources */,
				F18F461E1E794C4F002C3125 /* VScrollMenuView.m in Sources */,
				F1C19FB01DCDD2030094B88D /* RegisterEntity.m in Sources */,
				F15DA15C1E56A69500D35F38 /* V2MainTabBarController.m in Sources */,
				F141FD9A1E51B31400A26432 /* VFileHelper.m in Sources */,
				144D9CAA1DC327AE00E85E3E /* VersionHelper.m in Sources */,
				F14822701DE5C5AD000A5FC6 /* UIColor+VAdd.m in Sources */,
				F14792A51E76914000237963 /* VScroll2PageController.m in Sources */,
				F18F46201E794C4F002C3125 /* VToolBar.m in Sources */,
				F144B1121ECD98B8002904F8 /* ReportTableCell.m in Sources */,
				F15DA19A1E56F08B00D35F38 /* VariousAnimationController.m in Sources */,
				F13978461E5EB9A600F61495 /* YYWeakProxy.m in Sources */,
				F15342D51DF10C7800B56089 /* VShowWeb1Controller.m in Sources */,
				F1BF47671DC0FDD4004FC3A2 /* CartDao.m in Sources */,
				F160F09C1DC7504D0053E731 /* BaiduPayManager.m in Sources */,
				F147929F1E76911200237963 /* VScrollPageShowController.m in Sources */,
				F160F1111DC7740C0053E731 /* LoginViewController.m in Sources */,
				F17A8D441DBEF88C00C18971 /* AppDelegate.m in Sources */,
				F18F462E1E794C4F002C3125 /* VVideoPageController.m in Sources */,
				F147929E1E76911200237963 /* VScrollMenuShowController.m in Sources */,
				F160F09E1DC7504D0053E731 /* WXPayManager.m in Sources */,
				F141FD9B1E51B31400A26432 /* VHistoryCell.m in Sources */,
				F18F46261E794C4F002C3125 /* VExtendTextButton.m in Sources */,
				F17A8D031DBEF81500C18971 /* main.m in Sources */,
				F18F462C1E794C4F002C3125 /* VTextSwitch.m in Sources */,
				F15342D31DF10C7800B56089 /* VBaseAppDelegate.m in Sources */,
				F18F46151E794C4F002C3125 /* VLaunchAdPage.m in Sources */,
				F160F0951DC750140053E731 /* AlipayManager.m in Sources */,
				F18F461A1E794C4F002C3125 /* VHelpModel.m in Sources */,
				F141FD9C1E51B31400A26432 /* VHistoryHelper.m in Sources */,
				F18F46181E794C4F002C3125 /* VHelpCenterController.m in Sources */,
			);
			runOnlyForDeploymentPostprocessing = 0;
		};
/* End PBXSourcesBuildPhase section */

/* Begin PBXVariantGroup section */
		F17A8D0A1DBEF81500C18971 /* Main.storyboard */ = {
			isa = PBXVariantGroup;
			children = (
				F17A8D0B1DBEF81500C18971 /* Base */,
			);
			name = Main.storyboard;
			sourceTree = "<group>";
		};
		F17A8D0F1DBEF81500C18971 /* LaunchScreen.storyboard */ = {
			isa = PBXVariantGroup;
			children = (
				F17A8D101DBEF81500C18971 /* Base */,
			);
			name = LaunchScreen.storyboard;
			sourceTree = "<group>";
		};
/* End PBXVariantGroup section */

/* Begin XCBuildConfiguration section */
		F17A8D131DBEF81500C18971 /* Debug */ = {
			isa = XCBuildConfiguration;
			buildSettings = {
				ALWAYS_SEARCH_USER_PATHS = NO;
				CLANG_ANALYZER_NONNULL = YES;
				CLANG_CXX_LANGUAGE_STANDARD = "gnu++0x";
				CLANG_CXX_LIBRARY = "libc++";
				CLANG_ENABLE_MODULES = YES;
				CLANG_ENABLE_OBJC_ARC = YES;
				CLANG_WARN_BOOL_CONVERSION = YES;
				CLANG_WARN_CONSTANT_CONVERSION = YES;
				CLANG_WARN_DIRECT_OBJC_ISA_USAGE = YES_ERROR;
				CLANG_WARN_DOCUMENTATION_COMMENTS = YES;
				CLANG_WARN_EMPTY_BODY = YES;
				CLANG_WARN_ENUM_CONVERSION = YES;
				CLANG_WARN_INFINITE_RECURSION = YES;
				CLANG_WARN_INT_CONVERSION = YES;
				CLANG_WARN_OBJC_ROOT_CLASS = YES_ERROR;
				CLANG_WARN_SUSPICIOUS_MOVE = YES;
				CLANG_WARN_SUSPICIOUS_MOVES = YES;
				CLANG_WARN_UNREACHABLE_CODE = YES;
				CLANG_WARN__DUPLICATE_METHOD_MATCH = YES;
				"CODE_SIGN_IDENTITY[sdk=iphoneos*]" = "iPhone Developer";
				COPY_PHASE_STRIP = NO;
				DEBUG_INFORMATION_FORMAT = dwarf;
				ENABLE_STRICT_OBJC_MSGSEND = YES;
				ENABLE_TESTABILITY = YES;
				GCC_C_LANGUAGE_STANDARD = gnu99;
				GCC_DYNAMIC_NO_PIC = NO;
				GCC_NO_COMMON_BLOCKS = YES;
				GCC_OPTIMIZATION_LEVEL = 0;
				GCC_PREPROCESSOR_DEFINITIONS = (
					"DEBUG=1",
					"$(inherited)",
				);
				GCC_WARN_64_TO_32_BIT_CONVERSION = YES;
				GCC_WARN_ABOUT_RETURN_TYPE = YES_ERROR;
				GCC_WARN_UNDECLARED_SELECTOR = YES;
				GCC_WARN_UNINITIALIZED_AUTOS = YES_AGGRESSIVE;
				GCC_WARN_UNUSED_FUNCTION = YES;
				GCC_WARN_UNUSED_VARIABLE = YES;
				IPHONEOS_DEPLOYMENT_TARGET = 10.0;
				MTL_ENABLE_DEBUG_INFO = YES;
				ONLY_ACTIVE_ARCH = YES;
				SDKROOT = iphoneos;
			};
			name = Debug;
		};
		F17A8D141DBEF81500C18971 /* Release */ = {
			isa = XCBuildConfiguration;
			buildSettings = {
				ALWAYS_SEARCH_USER_PATHS = NO;
				CLANG_ANALYZER_NONNULL = YES;
				CLANG_CXX_LANGUAGE_STANDARD = "gnu++0x";
				CLANG_CXX_LIBRARY = "libc++";
				CLANG_ENABLE_MODULES = YES;
				CLANG_ENABLE_OBJC_ARC = YES;
				CLANG_WARN_BOOL_CONVERSION = YES;
				CLANG_WARN_CONSTANT_CONVERSION = YES;
				CLANG_WARN_DIRECT_OBJC_ISA_USAGE = YES_ERROR;
				CLANG_WARN_DOCUMENTATION_COMMENTS = YES;
				CLANG_WARN_EMPTY_BODY = YES;
				CLANG_WARN_ENUM_CONVERSION = YES;
				CLANG_WARN_INFINITE_RECURSION = YES;
				CLANG_WARN_INT_CONVERSION = YES;
				CLANG_WARN_OBJC_ROOT_CLASS = YES_ERROR;
				CLANG_WARN_SUSPICIOUS_MOVE = YES;
				CLANG_WARN_SUSPICIOUS_MOVES = YES;
				CLANG_WARN_UNREACHABLE_CODE = YES;
				CLANG_WARN__DUPLICATE_METHOD_MATCH = YES;
				"CODE_SIGN_IDENTITY[sdk=iphoneos*]" = "iPhone Developer";
				COPY_PHASE_STRIP = NO;
				DEBUG_INFORMATION_FORMAT = "dwarf-with-dsym";
				ENABLE_NS_ASSERTIONS = NO;
				ENABLE_STRICT_OBJC_MSGSEND = YES;
				GCC_C_LANGUAGE_STANDARD = gnu99;
				GCC_NO_COMMON_BLOCKS = YES;
				GCC_WARN_64_TO_32_BIT_CONVERSION = YES;
				GCC_WARN_ABOUT_RETURN_TYPE = YES_ERROR;
				GCC_WARN_UNDECLARED_SELECTOR = YES;
				GCC_WARN_UNINITIALIZED_AUTOS = YES_AGGRESSIVE;
				GCC_WARN_UNUSED_FUNCTION = YES;
				GCC_WARN_UNUSED_VARIABLE = YES;
				IPHONEOS_DEPLOYMENT_TARGET = 10.0;
				MTL_ENABLE_DEBUG_INFO = NO;
				SDKROOT = iphoneos;
				VALIDATE_PRODUCT = YES;
			};
			name = Release;
		};
		F17A8D161DBEF81500C18971 /* Debug */ = {
			isa = XCBuildConfiguration;
			baseConfigurationReference = 20D68988668F597D568D1F7A /* Pods-ProjectTools.debug.xcconfig */;
			buildSettings = {
				ASSETCATALOG_COMPILER_APPICON_NAME = AppIcon;
				DEVELOPMENT_TEAM = DCULVL94ZE;
				GCC_PREFIX_HEADER = "$(SRCROOT)/ProjectTools/PrefixHeader.pch";
				INFOPLIST_FILE = ProjectTools/Info.plist;
				LD_RUNPATH_SEARCH_PATHS = "$(inherited) @executable_path/Frameworks";
				ONLY_ACTIVE_ARCH = YES;
				PRODUCT_BUNDLE_IDENTIFIER = com.ProjectTools;
				PRODUCT_NAME = "$(TARGET_NAME)";
			};
			name = Debug;
		};
		F17A8D171DBEF81500C18971 /* Release */ = {
			isa = XCBuildConfiguration;
			baseConfigurationReference = 4CE3C48B49E64606B1473A68 /* Pods-ProjectTools.release.xcconfig */;
			buildSettings = {
				ASSETCATALOG_COMPILER_APPICON_NAME = AppIcon;
				DEVELOPMENT_TEAM = DCULVL94ZE;
				GCC_PREFIX_HEADER = "$(SRCROOT)/ProjectTools/PrefixHeader.pch";
				INFOPLIST_FILE = ProjectTools/Info.plist;
				LD_RUNPATH_SEARCH_PATHS = "$(inherited) @executable_path/Frameworks";
				ONLY_ACTIVE_ARCH = YES;
				PRODUCT_BUNDLE_IDENTIFIER = com.ProjectTools;
				PRODUCT_NAME = "$(TARGET_NAME)";
			};
			name = Release;
		};
/* End XCBuildConfiguration section */

/* Begin XCConfigurationList section */
		F17A8CF91DBEF81500C18971 /* Build configuration list for PBXProject "ProjectTools" */ = {
			isa = XCConfigurationList;
			buildConfigurations = (
				F17A8D131DBEF81500C18971 /* Debug */,
				F17A8D141DBEF81500C18971 /* Release */,
			);
			defaultConfigurationIsVisible = 0;
			defaultConfigurationName = Release;
		};
		F17A8D151DBEF81500C18971 /* Build configuration list for PBXNativeTarget "ProjectTools" */ = {
			isa = XCConfigurationList;
			buildConfigurations = (
				F17A8D161DBEF81500C18971 /* Debug */,
				F17A8D171DBEF81500C18971 /* Release */,
			);
			defaultConfigurationIsVisible = 0;
			defaultConfigurationName = Release;
		};
/* End XCConfigurationList section */
	};
	rootObject = F17A8CF61DBEF81500C18971 /* Project object */;
}
